// !$*UTF8*$!
{
	archiveVersion = 1;
	classes = {
	};
	objectVersion = 56;
	objects = {

/* Begin PBXBuildFile section */
		82073DDD4A75F060A18ED851 /* Pods_MyCloset.framework in Frameworks */ = {isa = PBXBuildFile; fileRef = 7ACE3835B48A4875E79FD346 /* Pods_MyCloset.framework */; };
		CA016D1B2B04C93D0066FBE7 /* MyCloset.xcdatamodeld in Sources */ = {isa = PBXBuildFile; fileRef = CA016D192B04C93D0066FBE7 /* MyCloset.xcdatamodeld */; };
		CA016D322B04CB8D0066FBE7 /* Extensions.swift in Sources */ = {isa = PBXBuildFile; fileRef = CA016D272B04CB860066FBE7 /* Extensions.swift */; };
		CA016D342B04CB8D0066FBE7 /* HomePageTableCell.swift in Sources */ = {isa = PBXBuildFile; fileRef = CA016D2A2B04CB880066FBE7 /* HomePageTableCell.swift */; };
		CA016D352B04CB8D0066FBE7 /* HomePageViewController.swift in Sources */ = {isa = PBXBuildFile; fileRef = CA016D2B2B04CB880066FBE7 /* HomePageViewController.swift */; };
		CA016D362B04CB8D0066FBE7 /* AppDelegate.swift in Sources */ = {isa = PBXBuildFile; fileRef = CA016D2C2B04CB880066FBE7 /* AppDelegate.swift */; };
		CA016D382B04CB8D0066FBE7 /* Assets.xcassets in Resources */ = {isa = PBXBuildFile; fileRef = CA016D2E2B04CB8A0066FBE7 /* Assets.xcassets */; };
		CA016D392B04CB8D0066FBE7 /* SceneDelegate.swift in Sources */ = {isa = PBXBuildFile; fileRef = CA016D2F2B04CB8B0066FBE7 /* SceneDelegate.swift */; };
		CA016D3A2B04CB8D0066FBE7 /* Main.storyboard in Resources */ = {isa = PBXBuildFile; fileRef = CA016D302B04CB8C0066FBE7 /* Main.storyboard */; };
		CA016D3B2B04CB8D0066FBE7 /* LaunchScreen.storyboard in Resources */ = {isa = PBXBuildFile; fileRef = CA016D312B04CB8D0066FBE7 /* LaunchScreen.storyboard */; };
		CA016D3D2B04F36B0066FBE7 /* DetailPageViewController.swift in Sources */ = {isa = PBXBuildFile; fileRef = CA016D3C2B04F36B0066FBE7 /* DetailPageViewController.swift */; };
		CA016D3F2B05AF030066FBE7 /* NewPostViewController.swift in Sources */ = {isa = PBXBuildFile; fileRef = CA016D3E2B05AF030066FBE7 /* NewPostViewController.swift */; };
		CA016D412B05B76C0066FBE7 /* NewPostCell.swift in Sources */ = {isa = PBXBuildFile; fileRef = CA016D402B05B76C0066FBE7 /* NewPostCell.swift */; };
		CA016D432B05BF120066FBE7 /* NewPostSecondStepViewController.swift in Sources */ = {isa = PBXBuildFile; fileRef = CA016D422B05BF120066FBE7 /* NewPostSecondStepViewController.swift */; };
		CA016D452B05FC510066FBE7 /* FirebaseStorageManager.swift in Sources */ = {isa = PBXBuildFile; fileRef = CA016D442B05FC510066FBE7 /* FirebaseStorageManager.swift */; };
		CA016D482B05FDD50066FBE7 /* FirebaseAnalytics in Frameworks */ = {isa = PBXBuildFile; productRef = CA016D472B05FDD50066FBE7 /* FirebaseAnalytics */; };
		CA016D4A2B05FDD50066FBE7 /* FirebaseAuth in Frameworks */ = {isa = PBXBuildFile; productRef = CA016D492B05FDD50066FBE7 /* FirebaseAuth */; };
		CA016D4C2B05FDD50066FBE7 /* FirebaseDatabase in Frameworks */ = {isa = PBXBuildFile; productRef = CA016D4B2B05FDD50066FBE7 /* FirebaseDatabase */; };
		CA016D4E2B05FDD50066FBE7 /* FirebaseFirestore in Frameworks */ = {isa = PBXBuildFile; productRef = CA016D4D2B05FDD50066FBE7 /* FirebaseFirestore */; };
		CA016D502B05FDD50066FBE7 /* FirebaseFirestoreSwift in Frameworks */ = {isa = PBXBuildFile; productRef = CA016D4F2B05FDD50066FBE7 /* FirebaseFirestoreSwift */; };
		CA016D522B05FDD50066FBE7 /* FirebaseStorage in Frameworks */ = {isa = PBXBuildFile; productRef = CA016D512B05FDD50066FBE7 /* FirebaseStorage */; };
		CA016D542B0603090066FBE7 /* GoogleService-Info.plist in Resources */ = {isa = PBXBuildFile; fileRef = CA016D532B0603090066FBE7 /* GoogleService-Info.plist */; };
		CA016D562B0729C00066FBE7 /* DetailPageCell.swift in Sources */ = {isa = PBXBuildFile; fileRef = CA016D552B0729C00066FBE7 /* DetailPageCell.swift */; };
		CA016D592B074C4B0066FBE7 /* MyClosetPageViewController.swift in Sources */ = {isa = PBXBuildFile; fileRef = CA016D582B074C4B0066FBE7 /* MyClosetPageViewController.swift */; };
		CA016D5B2B0758E40066FBE7 /* SegmentView.swift in Sources */ = {isa = PBXBuildFile; fileRef = CA016D5A2B0758E40066FBE7 /* SegmentView.swift */; };
		CA016D5D2B07691A0066FBE7 /* AddMyClothesViewController.swift in Sources */ = {isa = PBXBuildFile; fileRef = CA016D5C2B07691A0066FBE7 /* AddMyClothesViewController.swift */; };
		CA3B0FA82B086EE2001B708E /* CoreDataManeger.swift in Sources */ = {isa = PBXBuildFile; fileRef = CA3B0FA72B086EE2001B708E /* CoreDataManeger.swift */; };
		CA3B0FAE2B08A828001B708E /* MyClosetDetailPageViewController.swift in Sources */ = {isa = PBXBuildFile; fileRef = CA3B0FAD2B08A828001B708E /* MyClosetDetailPageViewController.swift */; };
		CA3B0FB12B08DE8B001B708E /* DollPageViewController.swift in Sources */ = {isa = PBXBuildFile; fileRef = CA3B0FB02B08DE8B001B708E /* DollPageViewController.swift */; };
		CA3B0FB32B09CF76001B708E /* DollPageCVCell.swift in Sources */ = {isa = PBXBuildFile; fileRef = CA3B0FB22B09CF76001B708E /* DollPageCVCell.swift */; };
		CA3B0FB52B0B1CD2001B708E /* DollModel.swift in Sources */ = {isa = PBXBuildFile; fileRef = CA3B0FB42B0B1CD2001B708E /* DollModel.swift */; };
		CA3B0FB72B0B2053001B708E /* TopsChosenViewController.swift in Sources */ = {isa = PBXBuildFile; fileRef = CA3B0FB62B0B2053001B708E /* TopsChosenViewController.swift */; };
		CA3B0FB92B0B4BC4001B708E /* DollPageViewControllerBottoms.swift in Sources */ = {isa = PBXBuildFile; fileRef = CA3B0FB82B0B4BC4001B708E /* DollPageViewControllerBottoms.swift */; };
		CA3B0FBD2B0C6C35001B708E /* ChangeClothesViewController.swift in Sources */ = {isa = PBXBuildFile; fileRef = CA3B0FBC2B0C6C35001B708E /* ChangeClothesViewController.swift */; };
		CA3B0FBF2B0DEA99001B708E /* LogInViewController.swift in Sources */ = {isa = PBXBuildFile; fileRef = CA3B0FBE2B0DEA99001B708E /* LogInViewController.swift */; };
		CA3B0FC12B0DF221001B708E /* SignUpViewController.swift in Sources */ = {isa = PBXBuildFile; fileRef = CA3B0FC02B0DF221001B708E /* SignUpViewController.swift */; };
		CA519DFA2B0EEF5E00892AC4 /* ProfileViewController.swift in Sources */ = {isa = PBXBuildFile; fileRef = CA519DF92B0EEF5E00892AC4 /* ProfileViewController.swift */; };
		CABCC7CA2B0F1C1600FB38C5 /* ProfileAuthCollectionViewCell.swift in Sources */ = {isa = PBXBuildFile; fileRef = CABCC7C92B0F1C1600FB38C5 /* ProfileAuthCollectionViewCell.swift */; };
		CABCC7CC2B0F3EB700FB38C5 /* EditProfileViewController.swift in Sources */ = {isa = PBXBuildFile; fileRef = CABCC7CB2B0F3EB700FB38C5 /* EditProfileViewController.swift */; };
		CABCC7CE2B0F4FAB00FB38C5 /* ProfileCollectionViewCell.swift in Sources */ = {isa = PBXBuildFile; fileRef = CABCC7CD2B0F4FAB00FB38C5 /* ProfileCollectionViewCell.swift */; };
		CAF701122B11E7A00053B12B /* SearchViewController.swift in Sources */ = {isa = PBXBuildFile; fileRef = CAF701112B11E7A00053B12B /* SearchViewController.swift */; };
		CAF701142B1222440053B12B /* NotificationViewController.swift in Sources */ = {isa = PBXBuildFile; fileRef = CAF701132B1222440053B12B /* NotificationViewController.swift */; };
/* End PBXBuildFile section */

/* Begin PBXFileReference section */
		10852D07CE0A2944B1D819B9 /* Pods-MyCloset.release.xcconfig */ = {isa = PBXFileReference; includeInIndex = 1; lastKnownFileType = text.xcconfig; name = "Pods-MyCloset.release.xcconfig"; path = "Target Support Files/Pods-MyCloset/Pods-MyCloset.release.xcconfig"; sourceTree = "<group>"; };
		7ACE3835B48A4875E79FD346 /* Pods_MyCloset.framework */ = {isa = PBXFileReference; explicitFileType = wrapper.framework; includeInIndex = 0; path = Pods_MyCloset.framework; sourceTree = BUILT_PRODUCTS_DIR; };
		B7B41D8D9D9F6406D8E855F0 /* Pods-MyCloset.debug.xcconfig */ = {isa = PBXFileReference; includeInIndex = 1; lastKnownFileType = text.xcconfig; name = "Pods-MyCloset.debug.xcconfig"; path = "Target Support Files/Pods-MyCloset/Pods-MyCloset.debug.xcconfig"; sourceTree = "<group>"; };
		CA016D0D2B04C93D0066FBE7 /* MyCloset.app */ = {isa = PBXFileReference; explicitFileType = wrapper.application; includeInIndex = 0; path = MyCloset.app; sourceTree = BUILT_PRODUCTS_DIR; };
		CA016D1A2B04C93D0066FBE7 /* MyCloset.xcdatamodel */ = {isa = PBXFileReference; lastKnownFileType = wrapper.xcdatamodel; path = MyCloset.xcdatamodel; sourceTree = "<group>"; };
		CA016D212B04C93F0066FBE7 /* Info.plist */ = {isa = PBXFileReference; lastKnownFileType = text.plist.xml; path = Info.plist; sourceTree = "<group>"; };
		CA016D272B04CB860066FBE7 /* Extensions.swift */ = {isa = PBXFileReference; fileEncoding = 4; lastKnownFileType = sourcecode.swift; path = Extensions.swift; sourceTree = "<group>"; };
		CA016D2A2B04CB880066FBE7 /* HomePageTableCell.swift */ = {isa = PBXFileReference; fileEncoding = 4; lastKnownFileType = sourcecode.swift; path = HomePageTableCell.swift; sourceTree = "<group>"; };
		CA016D2B2B04CB880066FBE7 /* HomePageViewController.swift */ = {isa = PBXFileReference; fileEncoding = 4; lastKnownFileType = sourcecode.swift; path = HomePageViewController.swift; sourceTree = "<group>"; };
		CA016D2C2B04CB880066FBE7 /* AppDelegate.swift */ = {isa = PBXFileReference; fileEncoding = 4; lastKnownFileType = sourcecode.swift; name = AppDelegate.swift; path = ../../../MyCloset/MyCloset/MyCloset/AppDelegate.swift; sourceTree = "<group>"; };
		CA016D2E2B04CB8A0066FBE7 /* Assets.xcassets */ = {isa = PBXFileReference; lastKnownFileType = folder.assetcatalog; name = Assets.xcassets; path = ../../../MyCloset/MyCloset/MyCloset/Assets.xcassets; sourceTree = "<group>"; };
		CA016D2F2B04CB8B0066FBE7 /* SceneDelegate.swift */ = {isa = PBXFileReference; fileEncoding = 4; lastKnownFileType = sourcecode.swift; name = SceneDelegate.swift; path = ../../../MyCloset/MyCloset/MyCloset/SceneDelegate.swift; sourceTree = "<group>"; };
		CA016D302B04CB8C0066FBE7 /* Main.storyboard */ = {isa = PBXFileReference; fileEncoding = 4; lastKnownFileType = file.storyboard; path = Main.storyboard; sourceTree = "<group>"; };
		CA016D312B04CB8D0066FBE7 /* LaunchScreen.storyboard */ = {isa = PBXFileReference; fileEncoding = 4; lastKnownFileType = file.storyboard; path = LaunchScreen.storyboard; sourceTree = "<group>"; };
		CA016D3C2B04F36B0066FBE7 /* DetailPageViewController.swift */ = {isa = PBXFileReference; lastKnownFileType = sourcecode.swift; path = DetailPageViewController.swift; sourceTree = "<group>"; };
		CA016D3E2B05AF030066FBE7 /* NewPostViewController.swift */ = {isa = PBXFileReference; lastKnownFileType = sourcecode.swift; path = NewPostViewController.swift; sourceTree = "<group>"; };
		CA016D402B05B76C0066FBE7 /* NewPostCell.swift */ = {isa = PBXFileReference; lastKnownFileType = sourcecode.swift; path = NewPostCell.swift; sourceTree = "<group>"; };
		CA016D422B05BF120066FBE7 /* NewPostSecondStepViewController.swift */ = {isa = PBXFileReference; lastKnownFileType = sourcecode.swift; path = NewPostSecondStepViewController.swift; sourceTree = "<group>"; };
		CA016D442B05FC510066FBE7 /* FirebaseStorageManager.swift */ = {isa = PBXFileReference; lastKnownFileType = sourcecode.swift; path = FirebaseStorageManager.swift; sourceTree = "<group>"; };
		CA016D532B0603090066FBE7 /* GoogleService-Info.plist */ = {isa = PBXFileReference; fileEncoding = 4; lastKnownFileType = text.plist.xml; path = "GoogleService-Info.plist"; sourceTree = "<group>"; };
		CA016D552B0729C00066FBE7 /* DetailPageCell.swift */ = {isa = PBXFileReference; lastKnownFileType = sourcecode.swift; path = DetailPageCell.swift; sourceTree = "<group>"; };
		CA016D582B074C4B0066FBE7 /* MyClosetPageViewController.swift */ = {isa = PBXFileReference; lastKnownFileType = sourcecode.swift; path = MyClosetPageViewController.swift; sourceTree = "<group>"; };
		CA016D5A2B0758E40066FBE7 /* SegmentView.swift */ = {isa = PBXFileReference; lastKnownFileType = sourcecode.swift; path = SegmentView.swift; sourceTree = "<group>"; };
		CA016D5C2B07691A0066FBE7 /* AddMyClothesViewController.swift */ = {isa = PBXFileReference; lastKnownFileType = sourcecode.swift; path = AddMyClothesViewController.swift; sourceTree = "<group>"; };
		CA3B0FA72B086EE2001B708E /* CoreDataManeger.swift */ = {isa = PBXFileReference; lastKnownFileType = sourcecode.swift; path = CoreDataManeger.swift; sourceTree = "<group>"; };
		CA3B0FAD2B08A828001B708E /* MyClosetDetailPageViewController.swift */ = {isa = PBXFileReference; lastKnownFileType = sourcecode.swift; path = MyClosetDetailPageViewController.swift; sourceTree = "<group>"; };
		CA3B0FB02B08DE8B001B708E /* DollPageViewController.swift */ = {isa = PBXFileReference; lastKnownFileType = sourcecode.swift; path = DollPageViewController.swift; sourceTree = "<group>"; };
		CA3B0FB22B09CF76001B708E /* DollPageCVCell.swift */ = {isa = PBXFileReference; lastKnownFileType = sourcecode.swift; path = DollPageCVCell.swift; sourceTree = "<group>"; };
		CA3B0FB42B0B1CD2001B708E /* DollModel.swift */ = {isa = PBXFileReference; lastKnownFileType = sourcecode.swift; path = DollModel.swift; sourceTree = "<group>"; };
		CA3B0FB62B0B2053001B708E /* TopsChosenViewController.swift */ = {isa = PBXFileReference; lastKnownFileType = sourcecode.swift; path = TopsChosenViewController.swift; sourceTree = "<group>"; };
		CA3B0FB82B0B4BC4001B708E /* DollPageViewControllerBottoms.swift */ = {isa = PBXFileReference; lastKnownFileType = sourcecode.swift; path = DollPageViewControllerBottoms.swift; sourceTree = "<group>"; };
		CA3B0FBC2B0C6C35001B708E /* ChangeClothesViewController.swift */ = {isa = PBXFileReference; lastKnownFileType = sourcecode.swift; path = ChangeClothesViewController.swift; sourceTree = "<group>"; };
		CA3B0FBE2B0DEA99001B708E /* LogInViewController.swift */ = {isa = PBXFileReference; lastKnownFileType = sourcecode.swift; path = LogInViewController.swift; sourceTree = "<group>"; };
		CA3B0FC02B0DF221001B708E /* SignUpViewController.swift */ = {isa = PBXFileReference; lastKnownFileType = sourcecode.swift; path = SignUpViewController.swift; sourceTree = "<group>"; };
		CA3B0FC22B0DF7BA001B708E /* MyCloset.entitlements */ = {isa = PBXFileReference; lastKnownFileType = text.plist.entitlements; path = MyCloset.entitlements; sourceTree = "<group>"; };
		CA519DF92B0EEF5E00892AC4 /* ProfileViewController.swift */ = {isa = PBXFileReference; lastKnownFileType = sourcecode.swift; path = ProfileViewController.swift; sourceTree = "<group>"; };
		CABCC7C92B0F1C1600FB38C5 /* ProfileAuthCollectionViewCell.swift */ = {isa = PBXFileReference; lastKnownFileType = sourcecode.swift; path = ProfileAuthCollectionViewCell.swift; sourceTree = "<group>"; };
		CABCC7CB2B0F3EB700FB38C5 /* EditProfileViewController.swift */ = {isa = PBXFileReference; lastKnownFileType = sourcecode.swift; path = EditProfileViewController.swift; sourceTree = "<group>"; };
		CABCC7CD2B0F4FAB00FB38C5 /* ProfileCollectionViewCell.swift */ = {isa = PBXFileReference; lastKnownFileType = sourcecode.swift; path = ProfileCollectionViewCell.swift; sourceTree = "<group>"; };
		CAF701112B11E7A00053B12B /* SearchViewController.swift */ = {isa = PBXFileReference; lastKnownFileType = sourcecode.swift; path = SearchViewController.swift; sourceTree = "<group>"; };
		CAF701132B1222440053B12B /* NotificationViewController.swift */ = {isa = PBXFileReference; lastKnownFileType = sourcecode.swift; path = NotificationViewController.swift; sourceTree = "<group>"; };
/* End PBXFileReference section */

/* Begin PBXFrameworksBuildPhase section */
		CA016D0A2B04C93D0066FBE7 /* Frameworks */ = {
			isa = PBXFrameworksBuildPhase;
			buildActionMask = 2147483647;
			files = (
				CA016D482B05FDD50066FBE7 /* FirebaseAnalytics in Frameworks */,
				CA016D4A2B05FDD50066FBE7 /* FirebaseAuth in Frameworks */,
				CA016D4C2B05FDD50066FBE7 /* FirebaseDatabase in Frameworks */,
				CA016D4E2B05FDD50066FBE7 /* FirebaseFirestore in Frameworks */,
				CA016D522B05FDD50066FBE7 /* FirebaseStorage in Frameworks */,
				82073DDD4A75F060A18ED851 /* Pods_MyCloset.framework in Frameworks */,
				CA016D502B05FDD50066FBE7 /* FirebaseFirestoreSwift in Frameworks */,
			);
			runOnlyForDeploymentPostprocessing = 0;
		};
/* End PBXFrameworksBuildPhase section */

/* Begin PBXGroup section */
		A624D3E56E90D3AF3324B031 /* Frameworks */ = {
			isa = PBXGroup;
			children = (
				7ACE3835B48A4875E79FD346 /* Pods_MyCloset.framework */,
			);
			name = Frameworks;
			sourceTree = "<group>";
		};
		BF0ECF1985EAB92DF056F15B /* Pods */ = {
			isa = PBXGroup;
			children = (
				B7B41D8D9D9F6406D8E855F0 /* Pods-MyCloset.debug.xcconfig */,
				10852D07CE0A2944B1D819B9 /* Pods-MyCloset.release.xcconfig */,
			);
			path = Pods;
			sourceTree = "<group>";
		};
		CA016D042B04C93D0066FBE7 = {
			isa = PBXGroup;
			children = (
				CA016D0F2B04C93D0066FBE7 /* MyCloset */,
				CA016D0E2B04C93D0066FBE7 /* Products */,
				BF0ECF1985EAB92DF056F15B /* Pods */,
				A624D3E56E90D3AF3324B031 /* Frameworks */,
			);
			sourceTree = "<group>";
		};
		CA016D0E2B04C93D0066FBE7 /* Products */ = {
			isa = PBXGroup;
			children = (
				CA016D0D2B04C93D0066FBE7 /* MyCloset.app */,
			);
			name = Products;
			sourceTree = "<group>";
		};
		CA016D0F2B04C93D0066FBE7 /* MyCloset */ = {
			isa = PBXGroup;
			children = (
				CA3B0FC22B0DF7BA001B708E /* MyCloset.entitlements */,
				CA016D302B04CB8C0066FBE7 /* Main.storyboard */,
				CA016D312B04CB8D0066FBE7 /* LaunchScreen.storyboard */,
				CA016D2C2B04CB880066FBE7 /* AppDelegate.swift */,
				CA016D2F2B04CB8B0066FBE7 /* SceneDelegate.swift */,
				CA3B0FBE2B0DEA99001B708E /* LogInViewController.swift */,
				CA3B0FC02B0DF221001B708E /* SignUpViewController.swift */,
				CA016D272B04CB860066FBE7 /* Extensions.swift */,
				CA016D442B05FC510066FBE7 /* FirebaseStorageManager.swift */,
				CA3B0FA72B086EE2001B708E /* CoreDataManeger.swift */,
				CA016D572B074C180066FBE7 /* MyClosetPage */,
				CA3B0FAF2B08DE70001B708E /* Doll page */,
				CA016D292B04CB880066FBE7 /* HomePage */,
				CA519DF82B0EEF3000892AC4 /* Profile */,
				CA016D212B04C93F0066FBE7 /* Info.plist */,
				CA016D192B04C93D0066FBE7 /* MyCloset.xcdatamodeld */,
				CA016D2E2B04CB8A0066FBE7 /* Assets.xcassets */,
				CA016D532B0603090066FBE7 /* GoogleService-Info.plist */,
			);
			path = MyCloset;
			sourceTree = "<group>";
		};
		CA016D292B04CB880066FBE7 /* HomePage */ = {
			isa = PBXGroup;
			children = (
				CA016D2B2B04CB880066FBE7 /* HomePageViewController.swift */,
				CA016D2A2B04CB880066FBE7 /* HomePageTableCell.swift */,
				CA016D3C2B04F36B0066FBE7 /* DetailPageViewController.swift */,
				CA016D552B0729C00066FBE7 /* DetailPageCell.swift */,
				CA016D3E2B05AF030066FBE7 /* NewPostViewController.swift */,
				CA016D422B05BF120066FBE7 /* NewPostSecondStepViewController.swift */,
				CA016D402B05B76C0066FBE7 /* NewPostCell.swift */,
				CAF701112B11E7A00053B12B /* SearchViewController.swift */,
				CAF701132B1222440053B12B /* NotificationViewController.swift */,
			);
			path = HomePage;
			sourceTree = "<group>";
		};
		CA016D572B074C180066FBE7 /* MyClosetPage */ = {
			isa = PBXGroup;
			children = (
				CA016D582B074C4B0066FBE7 /* MyClosetPageViewController.swift */,
				CA016D5A2B0758E40066FBE7 /* SegmentView.swift */,
				CA016D5C2B07691A0066FBE7 /* AddMyClothesViewController.swift */,
				CA3B0FAD2B08A828001B708E /* MyClosetDetailPageViewController.swift */,
			);
			path = MyClosetPage;
			sourceTree = "<group>";
		};
		CA3B0FAF2B08DE70001B708E /* Doll page */ = {
			isa = PBXGroup;
			children = (
				CA3B0FB42B0B1CD2001B708E /* DollModel.swift */,
				CA3B0FBC2B0C6C35001B708E /* ChangeClothesViewController.swift */,
				CA3B0FB62B0B2053001B708E /* TopsChosenViewController.swift */,
				CA3B0FB02B08DE8B001B708E /* DollPageViewController.swift */,
				CA3B0FB82B0B4BC4001B708E /* DollPageViewControllerBottoms.swift */,
				CA3B0FB22B09CF76001B708E /* DollPageCVCell.swift */,
			);
			path = "Doll page";
			sourceTree = "<group>";
		};
		CA519DF82B0EEF3000892AC4 /* Profile */ = {
			isa = PBXGroup;
			children = (
				CA519DF92B0EEF5E00892AC4 /* ProfileViewController.swift */,
				CABCC7C92B0F1C1600FB38C5 /* ProfileAuthCollectionViewCell.swift */,
				CABCC7CD2B0F4FAB00FB38C5 /* ProfileCollectionViewCell.swift */,
				CABCC7CB2B0F3EB700FB38C5 /* EditProfileViewController.swift */,
			);
			path = Profile;
			sourceTree = "<group>";
		};
/* End PBXGroup section */

/* Begin PBXNativeTarget section */
		CA016D0C2B04C93D0066FBE7 /* MyCloset */ = {
			isa = PBXNativeTarget;
			buildConfigurationList = CA016D242B04C93F0066FBE7 /* Build configuration list for PBXNativeTarget "MyCloset" */;
			buildPhases = (
				F5D2A663F3FE05B51F9D4F4A /* [CP] Check Pods Manifest.lock */,
				CA016D092B04C93D0066FBE7 /* Sources */,
				CA016D0A2B04C93D0066FBE7 /* Frameworks */,
				CA016D0B2B04C93D0066FBE7 /* Resources */,
				E3A782220BE03FC6CBA2C67A /* [CP] Embed Pods Frameworks */,
			);
			buildRules = (
			);
			dependencies = (
			);
			name = MyCloset;
			packageProductDependencies = (
				CA016D472B05FDD50066FBE7 /* FirebaseAnalytics */,
				CA016D492B05FDD50066FBE7 /* FirebaseAuth */,
				CA016D4B2B05FDD50066FBE7 /* FirebaseDatabase */,
				CA016D4D2B05FDD50066FBE7 /* FirebaseFirestore */,
				CA016D4F2B05FDD50066FBE7 /* FirebaseFirestoreSwift */,
				CA016D512B05FDD50066FBE7 /* FirebaseStorage */,
			);
			productName = MyCloset;
			productReference = CA016D0D2B04C93D0066FBE7 /* MyCloset.app */;
			productType = "com.apple.product-type.application";
		};
/* End PBXNativeTarget section */

/* Begin PBXProject section */
		CA016D052B04C93D0066FBE7 /* Project object */ = {
			isa = PBXProject;
			attributes = {
				BuildIndependentTargetsInParallel = 1;
				LastSwiftUpdateCheck = 1400;
				LastUpgradeCheck = 1400;
				TargetAttributes = {
					CA016D0C2B04C93D0066FBE7 = {
						CreatedOnToolsVersion = 14.0.1;
					};
				};
			};
			buildConfigurationList = CA016D082B04C93D0066FBE7 /* Build configuration list for PBXProject "MyCloset" */;
			compatibilityVersion = "Xcode 14.0";
			developmentRegion = en;
			hasScannedForEncodings = 0;
			knownRegions = (
				en,
				Base,
			);
			mainGroup = CA016D042B04C93D0066FBE7;
			packageReferences = (
				CA016D462B05FDD50066FBE7 /* XCRemoteSwiftPackageReference "firebase-ios-sdk" */,
			);
			productRefGroup = CA016D0E2B04C93D0066FBE7 /* Products */;
			projectDirPath = "";
			projectRoot = "";
			targets = (
				CA016D0C2B04C93D0066FBE7 /* MyCloset */,
			);
		};
/* End PBXProject section */

/* Begin PBXResourcesBuildPhase section */
		CA016D0B2B04C93D0066FBE7 /* Resources */ = {
			isa = PBXResourcesBuildPhase;
			buildActionMask = 2147483647;
			files = (
				CA016D3A2B04CB8D0066FBE7 /* Main.storyboard in Resources */,
				CA016D3B2B04CB8D0066FBE7 /* LaunchScreen.storyboard in Resources */,
				CA016D542B0603090066FBE7 /* GoogleService-Info.plist in Resources */,
				CA016D382B04CB8D0066FBE7 /* Assets.xcassets in Resources */,
			);
			runOnlyForDeploymentPostprocessing = 0;
		};
/* End PBXResourcesBuildPhase section */

/* Begin PBXShellScriptBuildPhase section */
		E3A782220BE03FC6CBA2C67A /* [CP] Embed Pods Frameworks */ = {
			isa = PBXShellScriptBuildPhase;
			buildActionMask = 2147483647;
			files = (
			);
			inputFileListPaths = (
				"${PODS_ROOT}/Target Support Files/Pods-MyCloset/Pods-MyCloset-frameworks-${CONFIGURATION}-input-files.xcfilelist",
			);
			name = "[CP] Embed Pods Frameworks";
			outputFileListPaths = (
				"${PODS_ROOT}/Target Support Files/Pods-MyCloset/Pods-MyCloset-frameworks-${CONFIGURATION}-output-files.xcfilelist",
			);
			runOnlyForDeploymentPostprocessing = 0;
			shellPath = /bin/sh;
			shellScript = "\"${PODS_ROOT}/Target Support Files/Pods-MyCloset/Pods-MyCloset-frameworks.sh\"\n";
			showEnvVarsInLog = 0;
		};
		F5D2A663F3FE05B51F9D4F4A /* [CP] Check Pods Manifest.lock */ = {
			isa = PBXShellScriptBuildPhase;
			buildActionMask = 2147483647;
			files = (
			);
			inputFileListPaths = (
			);
			inputPaths = (
				"${PODS_PODFILE_DIR_PATH}/Podfile.lock",
				"${PODS_ROOT}/Manifest.lock",
			);
			name = "[CP] Check Pods Manifest.lock";
			outputFileListPaths = (
			);
			outputPaths = (
				"$(DERIVED_FILE_DIR)/Pods-MyCloset-checkManifestLockResult.txt",
			);
			runOnlyForDeploymentPostprocessing = 0;
			shellPath = /bin/sh;
			shellScript = "diff \"${PODS_PODFILE_DIR_PATH}/Podfile.lock\" \"${PODS_ROOT}/Manifest.lock\" > /dev/null\nif [ $? != 0 ] ; then\n    # print error to STDERR\n    echo \"error: The sandbox is not in sync with the Podfile.lock. Run 'pod install' or update your CocoaPods installation.\" >&2\n    exit 1\nfi\n# This output is used by Xcode 'outputs' to avoid re-running this script phase.\necho \"SUCCESS\" > \"${SCRIPT_OUTPUT_FILE_0}\"\n";
			showEnvVarsInLog = 0;
		};
/* End PBXShellScriptBuildPhase section */

/* Begin PBXSourcesBuildPhase section */
		CA016D092B04C93D0066FBE7 /* Sources */ = {
			isa = PBXSourcesBuildPhase;
			buildActionMask = 2147483647;
			files = (
				CAF701122B11E7A00053B12B /* SearchViewController.swift in Sources */,
				CA016D362B04CB8D0066FBE7 /* AppDelegate.swift in Sources */,
				CA016D5D2B07691A0066FBE7 /* AddMyClothesViewController.swift in Sources */,
				CA3B0FA82B086EE2001B708E /* CoreDataManeger.swift in Sources */,
				CA3B0FB72B0B2053001B708E /* TopsChosenViewController.swift in Sources */,
				CA3B0FC12B0DF221001B708E /* SignUpViewController.swift in Sources */,
				CA519DFA2B0EEF5E00892AC4 /* ProfileViewController.swift in Sources */,
				CA016D342B04CB8D0066FBE7 /* HomePageTableCell.swift in Sources */,
				CA016D392B04CB8D0066FBE7 /* SceneDelegate.swift in Sources */,
				CA016D352B04CB8D0066FBE7 /* HomePageViewController.swift in Sources */,
				CA016D5B2B0758E40066FBE7 /* SegmentView.swift in Sources */,
				CA016D3D2B04F36B0066FBE7 /* DetailPageViewController.swift in Sources */,
				CA3B0FB92B0B4BC4001B708E /* DollPageViewControllerBottoms.swift in Sources */,
				CA3B0FB12B08DE8B001B708E /* DollPageViewController.swift in Sources */,
				CABCC7CA2B0F1C1600FB38C5 /* ProfileAuthCollectionViewCell.swift in Sources */,
				CA3B0FB32B09CF76001B708E /* DollPageCVCell.swift in Sources */,
				CAF701142B1222440053B12B /* NotificationViewController.swift in Sources */,
				CA016D432B05BF120066FBE7 /* NewPostSecondStepViewController.swift in Sources */,
				CA016D3F2B05AF030066FBE7 /* NewPostViewController.swift in Sources */,
				CA3B0FAE2B08A828001B708E /* MyClosetDetailPageViewController.swift in Sources */,
				CA016D592B074C4B0066FBE7 /* MyClosetPageViewController.swift in Sources */,
				CA3B0FBD2B0C6C35001B708E /* ChangeClothesViewController.swift in Sources */,
				CABCC7CC2B0F3EB700FB38C5 /* EditProfileViewController.swift in Sources */,
				CA016D452B05FC510066FBE7 /* FirebaseStorageManager.swift in Sources */,
				CABCC7CE2B0F4FAB00FB38C5 /* ProfileCollectionViewCell.swift in Sources */,
				CA016D322B04CB8D0066FBE7 /* Extensions.swift in Sources */,
				CA016D1B2B04C93D0066FBE7 /* MyCloset.xcdatamodeld in Sources */,
				CA3B0FBF2B0DEA99001B708E /* LogInViewController.swift in Sources */,
				CA016D412B05B76C0066FBE7 /* NewPostCell.swift in Sources */,
				CA3B0FB52B0B1CD2001B708E /* DollModel.swift in Sources */,
				CA016D562B0729C00066FBE7 /* DetailPageCell.swift in Sources */,
			);
			runOnlyForDeploymentPostprocessing = 0;
		};
/* End PBXSourcesBuildPhase section */

/* Begin XCBuildConfiguration section */
		CA016D222B04C93F0066FBE7 /* Debug */ = {
			isa = XCBuildConfiguration;
			buildSettings = {
				ALWAYS_SEARCH_USER_PATHS = NO;
				CLANG_ANALYZER_NONNULL = YES;
				CLANG_ANALYZER_NUMBER_OBJECT_CONVERSION = YES_AGGRESSIVE;
				CLANG_CXX_LANGUAGE_STANDARD = "gnu++20";
				CLANG_ENABLE_MODULES = YES;
				CLANG_ENABLE_OBJC_ARC = YES;
				CLANG_ENABLE_OBJC_WEAK = YES;
				CLANG_WARN_BLOCK_CAPTURE_AUTORELEASING = YES;
				CLANG_WARN_BOOL_CONVERSION = YES;
				CLANG_WARN_COMMA = YES;
				CLANG_WARN_CONSTANT_CONVERSION = YES;
				CLANG_WARN_DEPRECATED_OBJC_IMPLEMENTATIONS = YES;
				CLANG_WARN_DIRECT_OBJC_ISA_USAGE = YES_ERROR;
				CLANG_WARN_DOCUMENTATION_COMMENTS = YES;
				CLANG_WARN_EMPTY_BODY = YES;
				CLANG_WARN_ENUM_CONVERSION = YES;
				CLANG_WARN_INFINITE_RECURSION = YES;
				CLANG_WARN_INT_CONVERSION = YES;
				CLANG_WARN_NON_LITERAL_NULL_CONVERSION = YES;
				CLANG_WARN_OBJC_IMPLICIT_RETAIN_SELF = YES;
				CLANG_WARN_OBJC_LITERAL_CONVERSION = YES;
				CLANG_WARN_OBJC_ROOT_CLASS = YES_ERROR;
				CLANG_WARN_QUOTED_INCLUDE_IN_FRAMEWORK_HEADER = YES;
				CLANG_WARN_RANGE_LOOP_ANALYSIS = YES;
				CLANG_WARN_STRICT_PROTOTYPES = YES;
				CLANG_WARN_SUSPICIOUS_MOVE = YES;
				CLANG_WARN_UNGUARDED_AVAILABILITY = YES_AGGRESSIVE;
				CLANG_WARN_UNREACHABLE_CODE = YES;
				CLANG_WARN__DUPLICATE_METHOD_MATCH = YES;
				COPY_PHASE_STRIP = NO;
				DEBUG_INFORMATION_FORMAT = dwarf;
				ENABLE_STRICT_OBJC_MSGSEND = YES;
				ENABLE_TESTABILITY = YES;
				GCC_C_LANGUAGE_STANDARD = gnu11;
				GCC_DYNAMIC_NO_PIC = NO;
				GCC_NO_COMMON_BLOCKS = YES;
				GCC_OPTIMIZATION_LEVEL = 0;
				GCC_PREPROCESSOR_DEFINITIONS = (
					"DEBUG=1",
					"$(inherited)",
				);
				GCC_WARN_64_TO_32_BIT_CONVERSION = YES;
				GCC_WARN_ABOUT_RETURN_TYPE = YES_ERROR;
				GCC_WARN_UNDECLARED_SELECTOR = YES;
				GCC_WARN_UNINITIALIZED_AUTOS = YES_AGGRESSIVE;
				GCC_WARN_UNUSED_FUNCTION = YES;
				GCC_WARN_UNUSED_VARIABLE = YES;
				IPHONEOS_DEPLOYMENT_TARGET = 16.0;
				MTL_ENABLE_DEBUG_INFO = INCLUDE_SOURCE;
				MTL_FAST_MATH = YES;
				ONLY_ACTIVE_ARCH = YES;
				SDKROOT = iphoneos;
				SWIFT_ACTIVE_COMPILATION_CONDITIONS = DEBUG;
				SWIFT_OPTIMIZATION_LEVEL = "-Onone";
			};
			name = Debug;
		};
		CA016D232B04C93F0066FBE7 /* Release */ = {
			isa = XCBuildConfiguration;
			buildSettings = {
				ALWAYS_SEARCH_USER_PATHS = NO;
				CLANG_ANALYZER_NONNULL = YES;
				CLANG_ANALYZER_NUMBER_OBJECT_CONVERSION = YES_AGGRESSIVE;
				CLANG_CXX_LANGUAGE_STANDARD = "gnu++20";
				CLANG_ENABLE_MODULES = YES;
				CLANG_ENABLE_OBJC_ARC = YES;
				CLANG_ENABLE_OBJC_WEAK = YES;
				CLANG_WARN_BLOCK_CAPTURE_AUTORELEASING = YES;
				CLANG_WARN_BOOL_CONVERSION = YES;
				CLANG_WARN_COMMA = YES;
				CLANG_WARN_CONSTANT_CONVERSION = YES;
				CLANG_WARN_DEPRECATED_OBJC_IMPLEMENTATIONS = YES;
				CLANG_WARN_DIRECT_OBJC_ISA_USAGE = YES_ERROR;
				CLANG_WARN_DOCUMENTATION_COMMENTS = YES;
				CLANG_WARN_EMPTY_BODY = YES;
				CLANG_WARN_ENUM_CONVERSION = YES;
				CLANG_WARN_INFINITE_RECURSION = YES;
				CLANG_WARN_INT_CONVERSION = YES;
				CLANG_WARN_NON_LITERAL_NULL_CONVERSION = YES;
				CLANG_WARN_OBJC_IMPLICIT_RETAIN_SELF = YES;
				CLANG_WARN_OBJC_LITERAL_CONVERSION = YES;
				CLANG_WARN_OBJC_ROOT_CLASS = YES_ERROR;
				CLANG_WARN_QUOTED_INCLUDE_IN_FRAMEWORK_HEADER = YES;
				CLANG_WARN_RANGE_LOOP_ANALYSIS = YES;
				CLANG_WARN_STRICT_PROTOTYPES = YES;
				CLANG_WARN_SUSPICIOUS_MOVE = YES;
				CLANG_WARN_UNGUARDED_AVAILABILITY = YES_AGGRESSIVE;
				CLANG_WARN_UNREACHABLE_CODE = YES;
				CLANG_WARN__DUPLICATE_METHOD_MATCH = YES;
				COPY_PHASE_STRIP = NO;
				DEBUG_INFORMATION_FORMAT = "dwarf-with-dsym";
				ENABLE_NS_ASSERTIONS = NO;
				ENABLE_STRICT_OBJC_MSGSEND = YES;
				GCC_C_LANGUAGE_STANDARD = gnu11;
				GCC_NO_COMMON_BLOCKS = YES;
				GCC_WARN_64_TO_32_BIT_CONVERSION = YES;
				GCC_WARN_ABOUT_RETURN_TYPE = YES_ERROR;
				GCC_WARN_UNDECLARED_SELECTOR = YES;
				GCC_WARN_UNINITIALIZED_AUTOS = YES_AGGRESSIVE;
				GCC_WARN_UNUSED_FUNCTION = YES;
				GCC_WARN_UNUSED_VARIABLE = YES;
				IPHONEOS_DEPLOYMENT_TARGET = 16.0;
				MTL_ENABLE_DEBUG_INFO = NO;
				MTL_FAST_MATH = YES;
				SDKROOT = iphoneos;
				SWIFT_COMPILATION_MODE = wholemodule;
				SWIFT_OPTIMIZATION_LEVEL = "-O";
				VALIDATE_PRODUCT = YES;
			};
			name = Release;
		};
		CA016D252B04C93F0066FBE7 /* Debug */ = {
			isa = XCBuildConfiguration;
			baseConfigurationReference = B7B41D8D9D9F6406D8E855F0 /* Pods-MyCloset.debug.xcconfig */;
			buildSettings = {
				ASSETCATALOG_COMPILER_APPICON_NAME = AppIcon;
				ASSETCATALOG_COMPILER_GLOBAL_ACCENT_COLOR_NAME = AccentColor;
				CODE_SIGN_ENTITLEMENTS = MyCloset/MyCloset.entitlements;
				CODE_SIGN_STYLE = Automatic;
				CURRENT_PROJECT_VERSION = 1;
				DEVELOPMENT_TEAM = N4C7YMWND2;
				GENERATE_INFOPLIST_FILE = YES;
				INFOPLIST_FILE = MyCloset/Info.plist;
				INFOPLIST_KEY_UIApplicationSupportsIndirectInputEvents = YES;
				INFOPLIST_KEY_UILaunchStoryboardName = LaunchScreen;
				INFOPLIST_KEY_UIMainStoryboardFile = Main;
				INFOPLIST_KEY_UISupportedInterfaceOrientations_iPad = "UIInterfaceOrientationPortrait UIInterfaceOrientationPortraitUpsideDown UIInterfaceOrientationLandscapeLeft UIInterfaceOrientationLandscapeRight";
				INFOPLIST_KEY_UISupportedInterfaceOrientations_iPhone = "UIInterfaceOrientationPortrait UIInterfaceOrientationLandscapeLeft UIInterfaceOrientationLandscapeRight";
				LD_RUNPATH_SEARCH_PATHS = (
					"$(inherited)",
					"@executable_path/Frameworks",
				);
				MARKETING_VERSION = 1.0;
				PRODUCT_BUNDLE_IDENTIFIER = com.cindyhohua.MyCloset;
				PRODUCT_NAME = "$(TARGET_NAME)";
				SWIFT_EMIT_LOC_STRINGS = YES;
				SWIFT_VERSION = 5.0;
				TARGETED_DEVICE_FAMILY = "1,2";
			};
			name = Debug;
		};
		CA016D262B04C93F0066FBE7 /* Release */ = {
			isa = XCBuildConfiguration;
			baseConfigurationReference = 10852D07CE0A2944B1D819B9 /* Pods-MyCloset.release.xcconfig */;
			buildSettings = {
				ASSETCATALOG_COMPILER_APPICON_NAME = AppIcon;
				ASSETCATALOG_COMPILER_GLOBAL_ACCENT_COLOR_NAME = AccentColor;
				CODE_SIGN_ENTITLEMENTS = MyCloset/MyCloset.entitlements;
				CODE_SIGN_STYLE = Automatic;
				CURRENT_PROJECT_VERSION = 1;
				DEVELOPMENT_TEAM = N4C7YMWND2;
				GENERATE_INFOPLIST_FILE = YES;
				INFOPLIST_FILE = MyCloset/Info.plist;
				INFOPLIST_KEY_UIApplicationSupportsIndirectInputEvents = YES;
				INFOPLIST_KEY_UILaunchStoryboardName = LaunchScreen;
				INFOPLIST_KEY_UIMainStoryboardFile = Main;
				INFOPLIST_KEY_UISupportedInterfaceOrientations_iPad = "UIInterfaceOrientationPortrait UIInterfaceOrientationPortraitUpsideDown UIInterfaceOrientationLandscapeLeft UIInterfaceOrientationLandscapeRight";
				INFOPLIST_KEY_UISupportedInterfaceOrientations_iPhone = "UIInterfaceOrientationPortrait UIInterfaceOrientationLandscapeLeft UIInterfaceOrientationLandscapeRight";
				LD_RUNPATH_SEARCH_PATHS = (
					"$(inherited)",
					"@executable_path/Frameworks",
				);
				MARKETING_VERSION = 1.0;
				PRODUCT_BUNDLE_IDENTIFIER = com.cindyhohua.MyCloset;
				PRODUCT_NAME = "$(TARGET_NAME)";
				SWIFT_EMIT_LOC_STRINGS = YES;
				SWIFT_VERSION = 5.0;
				TARGETED_DEVICE_FAMILY = "1,2";
			};
			name = Release;
		};
/* End XCBuildConfiguration section */

/* Begin XCConfigurationList section */
		CA016D082B04C93D0066FBE7 /* Build configuration list for PBXProject "MyCloset" */ = {
			isa = XCConfigurationList;
			buildConfigurations = (
				CA016D222B04C93F0066FBE7 /* Debug */,
				CA016D232B04C93F0066FBE7 /* Release */,
			);
			defaultConfigurationIsVisible = 0;
			defaultConfigurationName = Release;
		};
		CA016D242B04C93F0066FBE7 /* Build configuration list for PBXNativeTarget "MyCloset" */ = {
			isa = XCConfigurationList;
			buildConfigurations = (
				CA016D252B04C93F0066FBE7 /* Debug */,
				CA016D262B04C93F0066FBE7 /* Release */,
			);
			defaultConfigurationIsVisible = 0;
			defaultConfigurationName = Release;
		};
/* End XCConfigurationList section */

/* Begin XCRemoteSwiftPackageReference section */
		CA016D462B05FDD50066FBE7 /* XCRemoteSwiftPackageReference "firebase-ios-sdk" */ = {
			isa = XCRemoteSwiftPackageReference;
			repositoryURL = "https://github.com/firebase/firebase-ios-sdk.git";
			requirement = {
				kind = upToNextMajorVersion;
				minimumVersion = 9.0.0;
			};
		};
/* End XCRemoteSwiftPackageReference section */

/* Begin XCSwiftPackageProductDependency section */
		CA016D472B05FDD50066FBE7 /* FirebaseAnalytics */ = {
			isa = XCSwiftPackageProductDependency;
			package = CA016D462B05FDD50066FBE7 /* XCRemoteSwiftPackageReference "firebase-ios-sdk" */;
			productName = FirebaseAnalytics;
		};
		CA016D492B05FDD50066FBE7 /* FirebaseAuth */ = {
			isa = XCSwiftPackageProductDependency;
			package = CA016D462B05FDD50066FBE7 /* XCRemoteSwiftPackageReference "firebase-ios-sdk" */;
			productName = FirebaseAuth;
		};
		CA016D4B2B05FDD50066FBE7 /* FirebaseDatabase */ = {
			isa = XCSwiftPackageProductDependency;
			package = CA016D462B05FDD50066FBE7 /* XCRemoteSwiftPackageReference "firebase-ios-sdk" */;
			productName = FirebaseDatabase;
		};
		CA016D4D2B05FDD50066FBE7 /* FirebaseFirestore */ = {
			isa = XCSwiftPackageProductDependency;
			package = CA016D462B05FDD50066FBE7 /* XCRemoteSwiftPackageReference "firebase-ios-sdk" */;
			productName = FirebaseFirestore;
		};
		CA016D4F2B05FDD50066FBE7 /* FirebaseFirestoreSwift */ = {
			isa = XCSwiftPackageProductDependency;
			package = CA016D462B05FDD50066FBE7 /* XCRemoteSwiftPackageReference "firebase-ios-sdk" */;
			productName = FirebaseFirestoreSwift;
		};
		CA016D512B05FDD50066FBE7 /* FirebaseStorage */ = {
			isa = XCSwiftPackageProductDependency;
			package = CA016D462B05FDD50066FBE7 /* XCRemoteSwiftPackageReference "firebase-ios-sdk" */;
			productName = FirebaseStorage;
		};
/* End XCSwiftPackageProductDependency section */

/* Begin XCVersionGroup section */
		CA016D192B04C93D0066FBE7 /* MyCloset.xcdatamodeld */ = {
			isa = XCVersionGroup;
			children = (
				CA016D1A2B04C93D0066FBE7 /* MyCloset.xcdatamodel */,
			);
			currentVersion = CA016D1A2B04C93D0066FBE7 /* MyCloset.xcdatamodel */;
			path = MyCloset.xcdatamodeld;
			sourceTree = "<group>";
			versionGroupType = wrapper.xcdatamodel;
		};
/* End XCVersionGroup section */
	};
	rootObject = CA016D052B04C93D0066FBE7 /* Project object */;
}
