// !$*UTF8*$!
{
	archiveVersion = 1;
	classes = {
	};
	objectVersion = 56;
	objects = {

/* Begin PBXBuildFile section */
		82073DDD4A75F060A18ED851 /* Pods_MyCloset.framework in Frameworks */ = {isa = PBXBuildFile; fileRef = 7ACE3835B48A4875E79FD346 /* Pods_MyCloset.framework */; };
		CA016D1B2B04C93D0066FBE7 /* MyCloset.xcdatamodeld in Sources */ = {isa = PBXBuildFile; fileRef = CA016D192B04C93D0066FBE7 /* MyCloset.xcdatamodeld */; };
		CA016D322B04CB8D0066FBE7 /* Extensions.swift in Sources */ = {isa = PBXBuildFile; fileRef = CA016D272B04CB860066FBE7 /* Extensions.swift */; };
		CA016D342B04CB8D0066FBE7 /* HomePageTableCell.swift in Sources */ = {isa = PBXBuildFile; fileRef = CA016D2A2B04CB880066FBE7 /* HomePageTableCell.swift */; };
		CA016D362B04CB8D0066FBE7 /* AppDelegate.swift in Sources */ = {isa = PBXBuildFile; fileRef = CA016D2C2B04CB880066FBE7 /* AppDelegate.swift */; };
		CA016D382B04CB8D0066FBE7 /* Assets.xcassets in Resources */ = {isa = PBXBuildFile; fileRef = CA016D2E2B04CB8A0066FBE7 /* Assets.xcassets */; };
		CA016D392B04CB8D0066FBE7 /* SceneDelegate.swift in Sources */ = {isa = PBXBuildFile; fileRef = CA016D2F2B04CB8B0066FBE7 /* SceneDelegate.swift */; };
		CA016D3A2B04CB8D0066FBE7 /* Main.storyboard in Resources */ = {isa = PBXBuildFile; fileRef = CA016D302B04CB8C0066FBE7 /* Main.storyboard */; };
		CA016D3B2B04CB8D0066FBE7 /* LaunchScreen.storyboard in Resources */ = {isa = PBXBuildFile; fileRef = CA016D312B04CB8D0066FBE7 /* LaunchScreen.storyboard */; };
		CA016D3D2B04F36B0066FBE7 /* DetailPageViewController.swift in Sources */ = {isa = PBXBuildFile; fileRef = CA016D3C2B04F36B0066FBE7 /* DetailPageViewController.swift */; };
		CA016D3F2B05AF030066FBE7 /* NewPostViewController.swift in Sources */ = {isa = PBXBuildFile; fileRef = CA016D3E2B05AF030066FBE7 /* NewPostViewController.swift */; };
		CA016D412B05B76C0066FBE7 /* NewPostCell.swift in Sources */ = {isa = PBXBuildFile; fileRef = CA016D402B05B76C0066FBE7 /* NewPostCell.swift */; };
		CA016D432B05BF120066FBE7 /* NewPostSecondStepViewController.swift in Sources */ = {isa = PBXBuildFile; fileRef = CA016D422B05BF120066FBE7 /* NewPostSecondStepViewController.swift */; };
		CA016D452B05FC510066FBE7 /* FirebaseStorageManager.swift in Sources */ = {isa = PBXBuildFile; fileRef = CA016D442B05FC510066FBE7 /* FirebaseStorageManager.swift */; };
		CA016D482B05FDD50066FBE7 /* FirebaseAnalytics in Frameworks */ = {isa = PBXBuildFile; productRef = CA016D472B05FDD50066FBE7 /* FirebaseAnalytics */; };
		CA016D4A2B05FDD50066FBE7 /* FirebaseAuth in Frameworks */ = {isa = PBXBuildFile; productRef = CA016D492B05FDD50066FBE7 /* FirebaseAuth */; };
		CA016D4C2B05FDD50066FBE7 /* FirebaseDatabase in Frameworks */ = {isa = PBXBuildFile; productRef = CA016D4B2B05FDD50066FBE7 /* FirebaseDatabase */; };
		CA016D4E2B05FDD50066FBE7 /* FirebaseFirestore in Frameworks */ = {isa = PBXBuildFile; productRef = CA016D4D2B05FDD50066FBE7 /* FirebaseFirestore */; };
		CA016D502B05FDD50066FBE7 /* FirebaseFirestoreSwift in Frameworks */ = {isa = PBXBuildFile; productRef = CA016D4F2B05FDD50066FBE7 /* FirebaseFirestoreSwift */; };
		CA016D522B05FDD50066FBE7 /* FirebaseStorage in Frameworks */ = {isa = PBXBuildFile; productRef = CA016D512B05FDD50066FBE7 /* FirebaseStorage */; };
		CA016D542B0603090066FBE7 /* GoogleService-Info.plist in Resources */ = {isa = PBXBuildFile; fileRef = CA016D532B0603090066FBE7 /* GoogleService-Info.plist */; };
		CA016D562B0729C00066FBE7 /* DetailPageCell.swift in Sources */ = {isa = PBXBuildFile; fileRef = CA016D552B0729C00066FBE7 /* DetailPageCell.swift */; };
		CA016D5B2B0758E40066FBE7 /* SegmentView.swift in Sources */ = {isa = PBXBuildFile; fileRef = CA016D5A2B0758E40066FBE7 /* SegmentView.swift */; };
		CA016D5D2B07691A0066FBE7 /* AddMyClothesViewController.swift in Sources */ = {isa = PBXBuildFile; fileRef = CA016D5C2B07691A0066FBE7 /* AddMyClothesViewController.swift */; };
		CA1CD6932B3559C300DB70C0 /* Model.swift in Sources */ = {isa = PBXBuildFile; fileRef = CA1CD6922B3559C300DB70C0 /* Model.swift */; };
		CA1CD6962B35800200DB70C0 /* OthersProfileViewController.swift in Sources */ = {isa = PBXBuildFile; fileRef = CA1CD6952B35800200DB70C0 /* OthersProfileViewController.swift */; };
		CA1CD6982B3580AE00DB70C0 /* BaseProfileViewController.swift in Sources */ = {isa = PBXBuildFile; fileRef = CA1CD6972B3580AE00DB70C0 /* BaseProfileViewController.swift */; };
		CA1CD69A2B390F5300DB70C0 /* MyProfileViewController.swift in Sources */ = {isa = PBXBuildFile; fileRef = CA1CD6992B390F5200DB70C0 /* MyProfileViewController.swift */; };
		CA1CD69E2B3962CB00DB70C0 /* BaseCollectionViewController.swift in Sources */ = {isa = PBXBuildFile; fileRef = CA1CD69D2B3962CB00DB70C0 /* BaseCollectionViewController.swift */; };
		CA1CD6A02B3D690F00DB70C0 /* BaseDollPageViewController.swift in Sources */ = {isa = PBXBuildFile; fileRef = CA1CD69F2B3D690F00DB70C0 /* BaseDollPageViewController.swift */; };
		CA1CD6A22B3FEBB800DB70C0 /* BottomsViewController.swift in Sources */ = {isa = PBXBuildFile; fileRef = CA1CD6A12B3FEBB800DB70C0 /* BottomsViewController.swift */; };
		CA1CD6A42B3FFBB700DB70C0 /* AccessoriesViewController.swift in Sources */ = {isa = PBXBuildFile; fileRef = CA1CD6A32B3FFBB700DB70C0 /* AccessoriesViewController.swift */; };
		CA1CD6A62B4008AD00DB70C0 /* HairViewController.swift in Sources */ = {isa = PBXBuildFile; fileRef = CA1CD6A52B4008AD00DB70C0 /* HairViewController.swift */; };
		CA1CD6A82B40547200DB70C0 /* ClosetPageCell.swift in Sources */ = {isa = PBXBuildFile; fileRef = CA1CD6A72B40547200DB70C0 /* ClosetPageCell.swift */; };
		CA1CD6AA2B405A5600DB70C0 /* MyClosetView.swift in Sources */ = {isa = PBXBuildFile; fileRef = CA1CD6A92B405A5600DB70C0 /* MyClosetView.swift */; };
		CA1CD6AC2B405A6700DB70C0 /* MyClosetViewModel.swift in Sources */ = {isa = PBXBuildFile; fileRef = CA1CD6AB2B405A6600DB70C0 /* MyClosetViewModel.swift */; };
		CA1CD6B42B414B2700DB70C0 /* HomePageView.swift in Sources */ = {isa = PBXBuildFile; fileRef = CA1CD6B32B414B2700DB70C0 /* HomePageView.swift */; };
		CA1CD6B62B414B3300DB70C0 /* HomePageViewModel.swift in Sources */ = {isa = PBXBuildFile; fileRef = CA1CD6B52B414B3300DB70C0 /* HomePageViewModel.swift */; };
		CA1CD6BD2B415FE900DB70C0 /* DetailPageView.swift in Sources */ = {isa = PBXBuildFile; fileRef = CA1CD6BC2B415FE900DB70C0 /* DetailPageView.swift */; };
		CA1CD6BF2B415FF700DB70C0 /* DetailPageViewModel.swift in Sources */ = {isa = PBXBuildFile; fileRef = CA1CD6BE2B415FF700DB70C0 /* DetailPageViewModel.swift */; };
		CA2C783C2B43B6FE00464B5C /* MyClosetTest2.swift in Sources */ = {isa = PBXBuildFile; fileRef = CA2C783B2B43B6FE00464B5C /* MyClosetTest2.swift */; };
		CA3B0FA82B086EE2001B708E /* CoreDataManeger.swift in Sources */ = {isa = PBXBuildFile; fileRef = CA3B0FA72B086EE2001B708E /* CoreDataManeger.swift */; };
		CA3B0FAE2B08A828001B708E /* MyClosetDetailPageViewController.swift in Sources */ = {isa = PBXBuildFile; fileRef = CA3B0FAD2B08A828001B708E /* MyClosetDetailPageViewController.swift */; };
		CA3B0FB32B09CF76001B708E /* DollPageCVCell.swift in Sources */ = {isa = PBXBuildFile; fileRef = CA3B0FB22B09CF76001B708E /* DollPageCVCell.swift */; };
		CA3B0FB52B0B1CD2001B708E /* DollModel.swift in Sources */ = {isa = PBXBuildFile; fileRef = CA3B0FB42B0B1CD2001B708E /* DollModel.swift */; };
		CA3B0FB72B0B2053001B708E /* TopsChosenViewController.swift in Sources */ = {isa = PBXBuildFile; fileRef = CA3B0FB62B0B2053001B708E /* TopsChosenViewController.swift */; };
		CA3B0FBD2B0C6C35001B708E /* ChangeClothesViewController.swift in Sources */ = {isa = PBXBuildFile; fileRef = CA3B0FBC2B0C6C35001B708E /* ChangeClothesViewController.swift */; };
		CA3B0FBF2B0DEA99001B708E /* LogInViewController.swift in Sources */ = {isa = PBXBuildFile; fileRef = CA3B0FBE2B0DEA99001B708E /* LogInViewController.swift */; };
		CA3B0FC12B0DF221001B708E /* SignUpViewController.swift in Sources */ = {isa = PBXBuildFile; fileRef = CA3B0FC02B0DF221001B708E /* SignUpViewController.swift */; };
		CA61D5C12B14873A0028FB39 /* MineDollViewController.swift in Sources */ = {isa = PBXBuildFile; fileRef = CA61D5C02B14873A0028FB39 /* MineDollViewController.swift */; };
		CA61D5C32B148B000028FB39 /* MineDollDetailViewController.swift in Sources */ = {isa = PBXBuildFile; fileRef = CA61D5C22B148B000028FB39 /* MineDollDetailViewController.swift */; };
		CA61D5C72B17422C0028FB39 /* SavedViewController.swift in Sources */ = {isa = PBXBuildFile; fileRef = CA61D5C62B17422C0028FB39 /* SavedViewController.swift */; };
		CA795B042B1888D200D5584E /* AppleLoginSetProfileViewController.swift in Sources */ = {isa = PBXBuildFile; fileRef = CA795B032B1888D200D5584E /* AppleLoginSetProfileViewController.swift */; };
		CA795B062B1980F200D5584E /* DetailPageCommentCell.swift in Sources */ = {isa = PBXBuildFile; fileRef = CA795B052B1980F200D5584E /* DetailPageCommentCell.swift */; };
		CA795B082B19818800D5584E /* DetailPageInputCommentView.swift in Sources */ = {isa = PBXBuildFile; fileRef = CA795B072B19818800D5584E /* DetailPageInputCommentView.swift */; };
		CA795B0D2B1B263C00D5584E /* FirebaseStorageManager2.swift in Sources */ = {isa = PBXBuildFile; fileRef = CA795B0C2B1B263C00D5584E /* FirebaseStorageManager2.swift */; };
		CA795B0F2B1C716300D5584E /* FirebaseMessaging in Frameworks */ = {isa = PBXBuildFile; productRef = CA795B0E2B1C716300D5584E /* FirebaseMessaging */; };
		CA795B122B1F0B5800D5584E /* FirebaseStorageManager3.swift in Sources */ = {isa = PBXBuildFile; fileRef = CA795B112B1F0B5800D5584E /* FirebaseStorageManager3.swift */; };
		CA795B142B205D6800D5584E /* FirebaseCrashlytics in Frameworks */ = {isa = PBXBuildFile; productRef = CA795B132B205D6800D5584E /* FirebaseCrashlytics */; };
		CA795B162B205D8B00D5584E /* FirebaseAnalyticsSwift in Frameworks */ = {isa = PBXBuildFile; productRef = CA795B152B205D8B00D5584E /* FirebaseAnalyticsSwift */; };
		CA795B192B21CACB00D5584E /* FriendListViewController.swift in Sources */ = {isa = PBXBuildFile; fileRef = CA795B182B21CACB00D5584E /* FriendListViewController.swift */; };
		CA795B1F2B26EE7C00D5584E /* ImportFromClosetViewController.swift in Sources */ = {isa = PBXBuildFile; fileRef = CA795B1E2B26EE7C00D5584E /* ImportFromClosetViewController.swift */; };
		CA795B212B273E7A00D5584E /* MineDollChooseViewController.swift in Sources */ = {isa = PBXBuildFile; fileRef = CA795B202B273E7A00D5584E /* MineDollChooseViewController.swift */; };
		CA795B252B2FF68D00D5584E /* RelationshipListViewModel.swift in Sources */ = {isa = PBXBuildFile; fileRef = CA795B242B2FF68D00D5584E /* RelationshipListViewModel.swift */; };
		CA795B282B2FF6E800D5584E /* RelationshipListView.swift in Sources */ = {isa = PBXBuildFile; fileRef = CA795B272B2FF6E800D5584E /* RelationshipListView.swift */; };
		CA795B342B30235200D5584E /* EditProfileView.swift in Sources */ = {isa = PBXBuildFile; fileRef = CA795B332B30235100D5584E /* EditProfileView.swift */; };
		CA795B362B30235E00D5584E /* EditProfileViewModel.swift in Sources */ = {isa = PBXBuildFile; fileRef = CA795B352B30235E00D5584E /* EditProfileViewModel.swift */; };
		CABCC7CA2B0F1C1600FB38C5 /* ProfileAuthCollectionViewCell.swift in Sources */ = {isa = PBXBuildFile; fileRef = CABCC7C92B0F1C1600FB38C5 /* ProfileAuthCollectionViewCell.swift */; };
		CABCC7CE2B0F4FAB00FB38C5 /* ProfileCollectionViewCell.swift in Sources */ = {isa = PBXBuildFile; fileRef = CABCC7CD2B0F4FAB00FB38C5 /* ProfileCollectionViewCell.swift */; };
		CAF701122B11E7A00053B12B /* SearchViewController.swift in Sources */ = {isa = PBXBuildFile; fileRef = CAF701112B11E7A00053B12B /* SearchViewController.swift */; };
		CAF701142B1222440053B12B /* NotificationViewController.swift in Sources */ = {isa = PBXBuildFile; fileRef = CAF701132B1222440053B12B /* NotificationViewController.swift */; };
		CAF701162B1346E90053B12B /* TopRankingViewController.swift in Sources */ = {isa = PBXBuildFile; fileRef = CAF701152B1346E90053B12B /* TopRankingViewController.swift */; };
/* End PBXBuildFile section */

/* Begin PBXContainerItemProxy section */
		CA2C78342B42A5A700464B5C /* PBXContainerItemProxy */ = {
			isa = PBXContainerItemProxy;
			containerPortal = CA016D052B04C93D0066FBE7 /* Project object */;
			proxyType = 1;
			remoteGlobalIDString = CA016D0C2B04C93D0066FBE7;
			remoteInfo = MyCloset;
		};
/* End PBXContainerItemProxy section */

/* Begin PBXFileReference section */
		10852D07CE0A2944B1D819B9 /* Pods-MyCloset.release.xcconfig */ = {isa = PBXFileReference; includeInIndex = 1; lastKnownFileType = text.xcconfig; name = "Pods-MyCloset.release.xcconfig"; path = "Target Support Files/Pods-MyCloset/Pods-MyCloset.release.xcconfig"; sourceTree = "<group>"; };
		7ACE3835B48A4875E79FD346 /* Pods_MyCloset.framework */ = {isa = PBXFileReference; explicitFileType = wrapper.framework; includeInIndex = 0; path = Pods_MyCloset.framework; sourceTree = BUILT_PRODUCTS_DIR; };
		B7B41D8D9D9F6406D8E855F0 /* Pods-MyCloset.debug.xcconfig */ = {isa = PBXFileReference; includeInIndex = 1; lastKnownFileType = text.xcconfig; name = "Pods-MyCloset.debug.xcconfig"; path = "Target Support Files/Pods-MyCloset/Pods-MyCloset.debug.xcconfig"; sourceTree = "<group>"; };
		CA016D0D2B04C93D0066FBE7 /* MyCloset.app */ = {isa = PBXFileReference; explicitFileType = wrapper.application; includeInIndex = 0; path = MyCloset.app; sourceTree = BUILT_PRODUCTS_DIR; };
		CA016D1A2B04C93D0066FBE7 /* MyCloset.xcdatamodel */ = {isa = PBXFileReference; lastKnownFileType = wrapper.xcdatamodel; path = MyCloset.xcdatamodel; sourceTree = "<group>"; };
		CA016D212B04C93F0066FBE7 /* Info.plist */ = {isa = PBXFileReference; lastKnownFileType = text.plist.xml; path = Info.plist; sourceTree = "<group>"; };
		CA016D272B04CB860066FBE7 /* Extensions.swift */ = {isa = PBXFileReference; fileEncoding = 4; lastKnownFileType = sourcecode.swift; path = Extensions.swift; sourceTree = "<group>"; };
		CA016D2A2B04CB880066FBE7 /* HomePageTableCell.swift */ = {isa = PBXFileReference; fileEncoding = 4; lastKnownFileType = sourcecode.swift; path = HomePageTableCell.swift; sourceTree = "<group>"; };
		CA016D2C2B04CB880066FBE7 /* AppDelegate.swift */ = {isa = PBXFileReference; fileEncoding = 4; lastKnownFileType = sourcecode.swift; name = AppDelegate.swift; path = ../../../MyCloset/MyCloset/MyCloset/AppDelegate.swift; sourceTree = "<group>"; };
		CA016D2E2B04CB8A0066FBE7 /* Assets.xcassets */ = {isa = PBXFileReference; lastKnownFileType = folder.assetcatalog; name = Assets.xcassets; path = ../../../MyCloset/MyCloset/MyCloset/Assets.xcassets; sourceTree = "<group>"; };
		CA016D2F2B04CB8B0066FBE7 /* SceneDelegate.swift */ = {isa = PBXFileReference; fileEncoding = 4; lastKnownFileType = sourcecode.swift; name = SceneDelegate.swift; path = ../../../MyCloset/MyCloset/MyCloset/SceneDelegate.swift; sourceTree = "<group>"; };
		CA016D302B04CB8C0066FBE7 /* Main.storyboard */ = {isa = PBXFileReference; fileEncoding = 4; lastKnownFileType = file.storyboard; path = Main.storyboard; sourceTree = "<group>"; };
		CA016D312B04CB8D0066FBE7 /* LaunchScreen.storyboard */ = {isa = PBXFileReference; fileEncoding = 4; lastKnownFileType = file.storyboard; path = LaunchScreen.storyboard; sourceTree = "<group>"; };
		CA016D3C2B04F36B0066FBE7 /* DetailPageViewController.swift */ = {isa = PBXFileReference; lastKnownFileType = sourcecode.swift; path = DetailPageViewController.swift; sourceTree = "<group>"; };
		CA016D3E2B05AF030066FBE7 /* NewPostViewController.swift */ = {isa = PBXFileReference; lastKnownFileType = sourcecode.swift; path = NewPostViewController.swift; sourceTree = "<group>"; };
		CA016D402B05B76C0066FBE7 /* NewPostCell.swift */ = {isa = PBXFileReference; lastKnownFileType = sourcecode.swift; path = NewPostCell.swift; sourceTree = "<group>"; };
		CA016D422B05BF120066FBE7 /* NewPostSecondStepViewController.swift */ = {isa = PBXFileReference; lastKnownFileType = sourcecode.swift; path = NewPostSecondStepViewController.swift; sourceTree = "<group>"; };
		CA016D442B05FC510066FBE7 /* FirebaseStorageManager.swift */ = {isa = PBXFileReference; lastKnownFileType = sourcecode.swift; path = FirebaseStorageManager.swift; sourceTree = "<group>"; };
		CA016D532B0603090066FBE7 /* GoogleService-Info.plist */ = {isa = PBXFileReference; fileEncoding = 4; lastKnownFileType = text.plist.xml; path = "GoogleService-Info.plist"; sourceTree = "<group>"; };
		CA016D552B0729C00066FBE7 /* DetailPageCell.swift */ = {isa = PBXFileReference; lastKnownFileType = sourcecode.swift; path = DetailPageCell.swift; sourceTree = "<group>"; };
		CA016D5A2B0758E40066FBE7 /* SegmentView.swift */ = {isa = PBXFileReference; lastKnownFileType = sourcecode.swift; path = SegmentView.swift; sourceTree = "<group>"; };
		CA016D5C2B07691A0066FBE7 /* AddMyClothesViewController.swift */ = {isa = PBXFileReference; lastKnownFileType = sourcecode.swift; path = AddMyClothesViewController.swift; sourceTree = "<group>"; };
		CA1CD6922B3559C300DB70C0 /* Model.swift */ = {isa = PBXFileReference; lastKnownFileType = sourcecode.swift; path = Model.swift; sourceTree = "<group>"; };
		CA1CD6952B35800200DB70C0 /* OthersProfileViewController.swift */ = {isa = PBXFileReference; lastKnownFileType = sourcecode.swift; path = OthersProfileViewController.swift; sourceTree = "<group>"; };
		CA1CD6972B3580AE00DB70C0 /* BaseProfileViewController.swift */ = {isa = PBXFileReference; lastKnownFileType = sourcecode.swift; path = BaseProfileViewController.swift; sourceTree = "<group>"; };
		CA1CD6992B390F5200DB70C0 /* MyProfileViewController.swift */ = {isa = PBXFileReference; lastKnownFileType = sourcecode.swift; path = MyProfileViewController.swift; sourceTree = "<group>"; };
		CA1CD69D2B3962CB00DB70C0 /* BaseCollectionViewController.swift */ = {isa = PBXFileReference; lastKnownFileType = sourcecode.swift; path = BaseCollectionViewController.swift; sourceTree = "<group>"; };
		CA1CD69F2B3D690F00DB70C0 /* BaseDollPageViewController.swift */ = {isa = PBXFileReference; lastKnownFileType = sourcecode.swift; path = BaseDollPageViewController.swift; sourceTree = "<group>"; };
		CA1CD6A12B3FEBB800DB70C0 /* BottomsViewController.swift */ = {isa = PBXFileReference; lastKnownFileType = sourcecode.swift; path = BottomsViewController.swift; sourceTree = "<group>"; };
		CA1CD6A32B3FFBB700DB70C0 /* AccessoriesViewController.swift */ = {isa = PBXFileReference; lastKnownFileType = sourcecode.swift; path = AccessoriesViewController.swift; sourceTree = "<group>"; };
		CA1CD6A52B4008AD00DB70C0 /* HairViewController.swift */ = {isa = PBXFileReference; lastKnownFileType = sourcecode.swift; path = HairViewController.swift; sourceTree = "<group>"; };
		CA1CD6A72B40547200DB70C0 /* ClosetPageCell.swift */ = {isa = PBXFileReference; lastKnownFileType = sourcecode.swift; path = ClosetPageCell.swift; sourceTree = "<group>"; };
		CA1CD6A92B405A5600DB70C0 /* MyClosetView.swift */ = {isa = PBXFileReference; lastKnownFileType = sourcecode.swift; path = MyClosetView.swift; sourceTree = "<group>"; };
		CA1CD6AB2B405A6600DB70C0 /* MyClosetViewModel.swift */ = {isa = PBXFileReference; lastKnownFileType = sourcecode.swift; path = MyClosetViewModel.swift; sourceTree = "<group>"; };
		CA1CD6B32B414B2700DB70C0 /* HomePageView.swift */ = {isa = PBXFileReference; lastKnownFileType = sourcecode.swift; path = HomePageView.swift; sourceTree = "<group>"; };
		CA1CD6B52B414B3300DB70C0 /* HomePageViewModel.swift */ = {isa = PBXFileReference; lastKnownFileType = sourcecode.swift; path = HomePageViewModel.swift; sourceTree = "<group>"; };
		CA1CD6BC2B415FE900DB70C0 /* DetailPageView.swift */ = {isa = PBXFileReference; lastKnownFileType = sourcecode.swift; path = DetailPageView.swift; sourceTree = "<group>"; };
		CA1CD6BE2B415FF700DB70C0 /* DetailPageViewModel.swift */ = {isa = PBXFileReference; lastKnownFileType = sourcecode.swift; path = DetailPageViewModel.swift; sourceTree = "<group>"; };
		CA2C78302B42A5A700464B5C /* MyClosetTests.xctest */ = {isa = PBXFileReference; explicitFileType = wrapper.cfbundle; includeInIndex = 0; path = MyClosetTests.xctest; sourceTree = BUILT_PRODUCTS_DIR; };
		CA2C783B2B43B6FE00464B5C /* MyClosetTest2.swift */ = {isa = PBXFileReference; lastKnownFileType = sourcecode.swift; path = MyClosetTest2.swift; sourceTree = "<group>"; };
		CA3B0FA72B086EE2001B708E /* CoreDataManeger.swift */ = {isa = PBXFileReference; lastKnownFileType = sourcecode.swift; path = CoreDataManeger.swift; sourceTree = "<group>"; };
		CA3B0FAD2B08A828001B708E /* MyClosetDetailPageViewController.swift */ = {isa = PBXFileReference; lastKnownFileType = sourcecode.swift; path = MyClosetDetailPageViewController.swift; sourceTree = "<group>"; };
		CA3B0FB22B09CF76001B708E /* DollPageCVCell.swift */ = {isa = PBXFileReference; lastKnownFileType = sourcecode.swift; path = DollPageCVCell.swift; sourceTree = "<group>"; };
		CA3B0FB42B0B1CD2001B708E /* DollModel.swift */ = {isa = PBXFileReference; lastKnownFileType = sourcecode.swift; path = DollModel.swift; sourceTree = "<group>"; };
		CA3B0FB62B0B2053001B708E /* TopsChosenViewController.swift */ = {isa = PBXFileReference; lastKnownFileType = sourcecode.swift; path = TopsChosenViewController.swift; sourceTree = "<group>"; };
		CA3B0FBC2B0C6C35001B708E /* ChangeClothesViewController.swift */ = {isa = PBXFileReference; lastKnownFileType = sourcecode.swift; path = ChangeClothesViewController.swift; sourceTree = "<group>"; };
		CA3B0FBE2B0DEA99001B708E /* LogInViewController.swift */ = {isa = PBXFileReference; lastKnownFileType = sourcecode.swift; path = LogInViewController.swift; sourceTree = "<group>"; };
		CA3B0FC02B0DF221001B708E /* SignUpViewController.swift */ = {isa = PBXFileReference; lastKnownFileType = sourcecode.swift; path = SignUpViewController.swift; sourceTree = "<group>"; };
		CA3B0FC22B0DF7BA001B708E /* MyCloset.entitlements */ = {isa = PBXFileReference; lastKnownFileType = text.plist.entitlements; path = MyCloset.entitlements; sourceTree = "<group>"; };
		CA61D5C02B14873A0028FB39 /* MineDollViewController.swift */ = {isa = PBXFileReference; lastKnownFileType = sourcecode.swift; path = MineDollViewController.swift; sourceTree = "<group>"; };
		CA61D5C22B148B000028FB39 /* MineDollDetailViewController.swift */ = {isa = PBXFileReference; lastKnownFileType = sourcecode.swift; path = MineDollDetailViewController.swift; sourceTree = "<group>"; };
		CA61D5C62B17422C0028FB39 /* SavedViewController.swift */ = {isa = PBXFileReference; lastKnownFileType = sourcecode.swift; path = SavedViewController.swift; sourceTree = "<group>"; };
		CA795B032B1888D200D5584E /* AppleLoginSetProfileViewController.swift */ = {isa = PBXFileReference; lastKnownFileType = sourcecode.swift; path = AppleLoginSetProfileViewController.swift; sourceTree = "<group>"; };
		CA795B052B1980F200D5584E /* DetailPageCommentCell.swift */ = {isa = PBXFileReference; lastKnownFileType = sourcecode.swift; path = DetailPageCommentCell.swift; sourceTree = "<group>"; };
		CA795B072B19818800D5584E /* DetailPageInputCommentView.swift */ = {isa = PBXFileReference; lastKnownFileType = sourcecode.swift; path = DetailPageInputCommentView.swift; sourceTree = "<group>"; };
		CA795B0C2B1B263C00D5584E /* FirebaseStorageManager2.swift */ = {isa = PBXFileReference; lastKnownFileType = sourcecode.swift; path = FirebaseStorageManager2.swift; sourceTree = "<group>"; };
		CA795B102B1C816200D5584E /* push.apns */ = {isa = PBXFileReference; lastKnownFileType = text; path = push.apns; sourceTree = "<group>"; };
		CA795B112B1F0B5800D5584E /* FirebaseStorageManager3.swift */ = {isa = PBXFileReference; lastKnownFileType = sourcecode.swift; path = FirebaseStorageManager3.swift; sourceTree = "<group>"; };
		CA795B182B21CACB00D5584E /* FriendListViewController.swift */ = {isa = PBXFileReference; lastKnownFileType = sourcecode.swift; path = FriendListViewController.swift; sourceTree = "<group>"; };
		CA795B1E2B26EE7C00D5584E /* ImportFromClosetViewController.swift */ = {isa = PBXFileReference; lastKnownFileType = sourcecode.swift; path = ImportFromClosetViewController.swift; sourceTree = "<group>"; };
		CA795B202B273E7A00D5584E /* MineDollChooseViewController.swift */ = {isa = PBXFileReference; lastKnownFileType = sourcecode.swift; path = MineDollChooseViewController.swift; sourceTree = "<group>"; };
		CA795B242B2FF68D00D5584E /* RelationshipListViewModel.swift */ = {isa = PBXFileReference; lastKnownFileType = sourcecode.swift; path = RelationshipListViewModel.swift; sourceTree = "<group>"; };
		CA795B272B2FF6E800D5584E /* RelationshipListView.swift */ = {isa = PBXFileReference; lastKnownFileType = sourcecode.swift; path = RelationshipListView.swift; sourceTree = "<group>"; };
		CA795B332B30235100D5584E /* EditProfileView.swift */ = {isa = PBXFileReference; lastKnownFileType = sourcecode.swift; path = EditProfileView.swift; sourceTree = "<group>"; };
		CA795B352B30235E00D5584E /* EditProfileViewModel.swift */ = {isa = PBXFileReference; lastKnownFileType = sourcecode.swift; path = EditProfileViewModel.swift; sourceTree = "<group>"; };
		CABCC7C92B0F1C1600FB38C5 /* ProfileAuthCollectionViewCell.swift */ = {isa = PBXFileReference; lastKnownFileType = sourcecode.swift; path = ProfileAuthCollectionViewCell.swift; sourceTree = "<group>"; };
		CABCC7CD2B0F4FAB00FB38C5 /* ProfileCollectionViewCell.swift */ = {isa = PBXFileReference; lastKnownFileType = sourcecode.swift; path = ProfileCollectionViewCell.swift; sourceTree = "<group>"; };
		CAF701112B11E7A00053B12B /* SearchViewController.swift */ = {isa = PBXFileReference; lastKnownFileType = sourcecode.swift; path = SearchViewController.swift; sourceTree = "<group>"; };
		CAF701132B1222440053B12B /* NotificationViewController.swift */ = {isa = PBXFileReference; lastKnownFileType = sourcecode.swift; path = NotificationViewController.swift; sourceTree = "<group>"; };
		CAF701152B1346E90053B12B /* TopRankingViewController.swift */ = {isa = PBXFileReference; lastKnownFileType = sourcecode.swift; path = TopRankingViewController.swift; sourceTree = "<group>"; };
/* End PBXFileReference section */

/* Begin PBXFrameworksBuildPhase section */
		CA016D0A2B04C93D0066FBE7 /* Frameworks */ = {
			isa = PBXFrameworksBuildPhase;
			buildActionMask = 2147483647;
			files = (
				CA795B0F2B1C716300D5584E /* FirebaseMessaging in Frameworks */,
				CA016D482B05FDD50066FBE7 /* FirebaseAnalytics in Frameworks */,
				CA016D4A2B05FDD50066FBE7 /* FirebaseAuth in Frameworks */,
				CA016D4C2B05FDD50066FBE7 /* FirebaseDatabase in Frameworks */,
				CA795B162B205D8B00D5584E /* FirebaseAnalyticsSwift in Frameworks */,
				CA016D4E2B05FDD50066FBE7 /* FirebaseFirestore in Frameworks */,
				CA016D522B05FDD50066FBE7 /* FirebaseStorage in Frameworks */,
				CA795B142B205D6800D5584E /* FirebaseCrashlytics in Frameworks */,
				82073DDD4A75F060A18ED851 /* Pods_MyCloset.framework in Frameworks */,
				CA016D502B05FDD50066FBE7 /* FirebaseFirestoreSwift in Frameworks */,
			);
			runOnlyForDeploymentPostprocessing = 0;
		};
		CA2C782D2B42A5A700464B5C /* Frameworks */ = {
			isa = PBXFrameworksBuildPhase;
			buildActionMask = 2147483647;
			files = (
			);
			runOnlyForDeploymentPostprocessing = 0;
		};
/* End PBXFrameworksBuildPhase section */

/* Begin PBXGroup section */
		A624D3E56E90D3AF3324B031 /* Frameworks */ = {
			isa = PBXGroup;
			children = (
				7ACE3835B48A4875E79FD346 /* Pods_MyCloset.framework */,
			);
			name = Frameworks;
			sourceTree = "<group>";
		};
		BF0ECF1985EAB92DF056F15B /* Pods */ = {
			isa = PBXGroup;
			children = (
				B7B41D8D9D9F6406D8E855F0 /* Pods-MyCloset.debug.xcconfig */,
				10852D07CE0A2944B1D819B9 /* Pods-MyCloset.release.xcconfig */,
			);
			path = Pods;
			sourceTree = "<group>";
		};
		CA016D042B04C93D0066FBE7 = {
			isa = PBXGroup;
			children = (
				CA016D0F2B04C93D0066FBE7 /* MyCloset */,
				CA2C78312B42A5A700464B5C /* MyClosetTests */,
				CA016D0E2B04C93D0066FBE7 /* Products */,
				BF0ECF1985EAB92DF056F15B /* Pods */,
				A624D3E56E90D3AF3324B031 /* Frameworks */,
			);
			sourceTree = "<group>";
		};
		CA016D0E2B04C93D0066FBE7 /* Products */ = {
			isa = PBXGroup;
			children = (
				CA016D0D2B04C93D0066FBE7 /* MyCloset.app */,
				CA2C78302B42A5A700464B5C /* MyClosetTests.xctest */,
			);
			name = Products;
			sourceTree = "<group>";
		};
		CA016D0F2B04C93D0066FBE7 /* MyCloset */ = {
			isa = PBXGroup;
			children = (
				CA3B0FC22B0DF7BA001B708E /* MyCloset.entitlements */,
				CA016D302B04CB8C0066FBE7 /* Main.storyboard */,
				CA016D312B04CB8D0066FBE7 /* LaunchScreen.storyboard */,
				CA795B102B1C816200D5584E /* push.apns */,
				CA016D2F2B04CB8B0066FBE7 /* SceneDelegate.swift */,
				CA016D2C2B04CB880066FBE7 /* AppDelegate.swift */,
				CA795B2A2B300CBB00D5584E /* Models */,
				CA795B292B300C8300D5584E /* LoginSignupPage */,
				CA1CD6942B355AB600DB70C0 /* Base */,
				CA016D572B074C180066FBE7 /* MyClosetPage */,
				CA3B0FAF2B08DE70001B708E /* Doll page */,
				CA016D292B04CB880066FBE7 /* HomePage */,
				CA519DF82B0EEF3000892AC4 /* Profile */,
				CA016D212B04C93F0066FBE7 /* Info.plist */,
				CA016D192B04C93D0066FBE7 /* MyCloset.xcdatamodeld */,
				CA016D2E2B04CB8A0066FBE7 /* Assets.xcassets */,
				CA016D532B0603090066FBE7 /* GoogleService-Info.plist */,
			);
			path = MyCloset;
			sourceTree = "<group>";
		};
		CA016D292B04CB880066FBE7 /* HomePage */ = {
			isa = PBXGroup;
			children = (
				CA1CD6B82B415F7300DB70C0 /* Cells */,
				CA1CD6B72B414B3C00DB70C0 /* HomePageMVVM */,
				CA016D3C2B04F36B0066FBE7 /* DetailPageViewController.swift */,
				CA1CD6C02B41600000DB70C0 /* DetailPageMVVM */,
				CA795B182B21CACB00D5584E /* FriendListViewController.swift */,
				CA016D3E2B05AF030066FBE7 /* NewPostViewController.swift */,
				CA016D422B05BF120066FBE7 /* NewPostSecondStepViewController.swift */,
				CA795B202B273E7A00D5584E /* MineDollChooseViewController.swift */,
				CA795B1E2B26EE7C00D5584E /* ImportFromClosetViewController.swift */,
				CAF701112B11E7A00053B12B /* SearchViewController.swift */,
				CAF701132B1222440053B12B /* NotificationViewController.swift */,
				CAF701152B1346E90053B12B /* TopRankingViewController.swift */,
			);
			path = HomePage;
			sourceTree = "<group>";
		};
		CA016D572B074C180066FBE7 /* MyClosetPage */ = {
			isa = PBXGroup;
			children = (
				CA1CD6BB2B415FB400DB70C0 /* Cells */,
				CA1CD6AD2B405A6C00DB70C0 /* MyClosetMVVM */,
				CA016D5C2B07691A0066FBE7 /* AddMyClothesViewController.swift */,
				CA3B0FAD2B08A828001B708E /* MyClosetDetailPageViewController.swift */,
			);
			path = MyClosetPage;
			sourceTree = "<group>";
		};
		CA1CD6942B355AB600DB70C0 /* Base */ = {
			isa = PBXGroup;
			children = (
				CA016D5A2B0758E40066FBE7 /* SegmentView.swift */,
				CA1CD6972B3580AE00DB70C0 /* BaseProfileViewController.swift */,
				CA1CD69D2B3962CB00DB70C0 /* BaseCollectionViewController.swift */,
				CA1CD69F2B3D690F00DB70C0 /* BaseDollPageViewController.swift */,
			);
			path = Base;
			sourceTree = "<group>";
		};
		CA1CD6AD2B405A6C00DB70C0 /* MyClosetMVVM */ = {
			isa = PBXGroup;
			children = (
				CA1CD6A92B405A5600DB70C0 /* MyClosetView.swift */,
				CA1CD6AB2B405A6600DB70C0 /* MyClosetViewModel.swift */,
			);
			path = MyClosetMVVM;
			sourceTree = "<group>";
		};
		CA1CD6B72B414B3C00DB70C0 /* HomePageMVVM */ = {
			isa = PBXGroup;
			children = (
				CA1CD6B32B414B2700DB70C0 /* HomePageView.swift */,
				CA1CD6B52B414B3300DB70C0 /* HomePageViewModel.swift */,
			);
			path = HomePageMVVM;
			sourceTree = "<group>";
		};
		CA1CD6B82B415F7300DB70C0 /* Cells */ = {
			isa = PBXGroup;
			children = (
				CA016D2A2B04CB880066FBE7 /* HomePageTableCell.swift */,
				CA016D552B0729C00066FBE7 /* DetailPageCell.swift */,
				CA795B052B1980F200D5584E /* DetailPageCommentCell.swift */,
				CA016D402B05B76C0066FBE7 /* NewPostCell.swift */,
				CA795B072B19818800D5584E /* DetailPageInputCommentView.swift */,
			);
			path = Cells;
			sourceTree = "<group>";
		};
		CA1CD6B92B415F8C00DB70C0 /* Cells */ = {
			isa = PBXGroup;
			children = (
				CABCC7C92B0F1C1600FB38C5 /* ProfileAuthCollectionViewCell.swift */,
				CABCC7CD2B0F4FAB00FB38C5 /* ProfileCollectionViewCell.swift */,
			);
			path = Cells;
			sourceTree = "<group>";
		};
		CA1CD6BA2B415FA500DB70C0 /* Cells */ = {
			isa = PBXGroup;
			children = (
				CA3B0FB22B09CF76001B708E /* DollPageCVCell.swift */,
			);
			path = Cells;
			sourceTree = "<group>";
		};
		CA1CD6BB2B415FB400DB70C0 /* Cells */ = {
			isa = PBXGroup;
			children = (
				CA1CD6A72B40547200DB70C0 /* ClosetPageCell.swift */,
			);
			path = Cells;
			sourceTree = "<group>";
		};
		CA1CD6C02B41600000DB70C0 /* DetailPageMVVM */ = {
			isa = PBXGroup;
			children = (
				CA1CD6BC2B415FE900DB70C0 /* DetailPageView.swift */,
				CA1CD6BE2B415FF700DB70C0 /* DetailPageViewModel.swift */,
			);
			path = DetailPageMVVM;
			sourceTree = "<group>";
		};
		CA2C78312B42A5A700464B5C /* MyClosetTests */ = {
			isa = PBXGroup;
			children = (
				CA2C783B2B43B6FE00464B5C /* MyClosetTest2.swift */,
			);
			path = MyClosetTests;
			sourceTree = "<group>";
		};
		CA3B0FAF2B08DE70001B708E /* Doll page */ = {
			isa = PBXGroup;
			children = (
				CA1CD6BA2B415FA500DB70C0 /* Cells */,
				CA3B0FBC2B0C6C35001B708E /* ChangeClothesViewController.swift */,
				CA1CD6A52B4008AD00DB70C0 /* HairViewController.swift */,
				CA1CD6A12B3FEBB800DB70C0 /* BottomsViewController.swift */,
				CA1CD6A32B3FFBB700DB70C0 /* AccessoriesViewController.swift */,
				CA3B0FB62B0B2053001B708E /* TopsChosenViewController.swift */,
				CA61D5C02B14873A0028FB39 /* MineDollViewController.swift */,
				CA61D5C22B148B000028FB39 /* MineDollDetailViewController.swift */,
			);
			path = "Doll page";
			sourceTree = "<group>";
		};
		CA519DF82B0EEF3000892AC4 /* Profile */ = {
			isa = PBXGroup;
			children = (
				CA1CD6B92B415F8C00DB70C0 /* Cells */,
				CA795B302B30231B00D5584E /* EditProfileMVVM */,
				CA795B262B2FF6AB00D5584E /* RelationshipListMVVM */,
				CA1CD6952B35800200DB70C0 /* OthersProfileViewController.swift */,
				CA1CD6992B390F5200DB70C0 /* MyProfileViewController.swift */,
				CA61D5C62B17422C0028FB39 /* SavedViewController.swift */,
			);
			path = Profile;
			sourceTree = "<group>";
		};
		CA795B262B2FF6AB00D5584E /* RelationshipListMVVM */ = {
			isa = PBXGroup;
			children = (
				CA795B272B2FF6E800D5584E /* RelationshipListView.swift */,
				CA795B242B2FF68D00D5584E /* RelationshipListViewModel.swift */,
			);
			path = RelationshipListMVVM;
			sourceTree = "<group>";
		};
		CA795B292B300C8300D5584E /* LoginSignupPage */ = {
			isa = PBXGroup;
			children = (
				CA3B0FBE2B0DEA99001B708E /* LogInViewController.swift */,
				CA795B032B1888D200D5584E /* AppleLoginSetProfileViewController.swift */,
				CA3B0FC02B0DF221001B708E /* SignUpViewController.swift */,
			);
			path = LoginSignupPage;
			sourceTree = "<group>";
		};
		CA795B2A2B300CBB00D5584E /* Models */ = {
			isa = PBXGroup;
			children = (
				CA016D272B04CB860066FBE7 /* Extensions.swift */,
				CA1CD6922B3559C300DB70C0 /* Model.swift */,
				CA3B0FB42B0B1CD2001B708E /* DollModel.swift */,
				CA016D442B05FC510066FBE7 /* FirebaseStorageManager.swift */,
				CA795B0C2B1B263C00D5584E /* FirebaseStorageManager2.swift */,
				CA795B112B1F0B5800D5584E /* FirebaseStorageManager3.swift */,
				CA3B0FA72B086EE2001B708E /* CoreDataManeger.swift */,
			);
			path = Models;
			sourceTree = "<group>";
		};
		CA795B302B30231B00D5584E /* EditProfileMVVM */ = {
			isa = PBXGroup;
			children = (
				CA795B332B30235100D5584E /* EditProfileView.swift */,
				CA795B352B30235E00D5584E /* EditProfileViewModel.swift */,
			);
			path = EditProfileMVVM;
			sourceTree = "<group>";
		};
/* End PBXGroup section */

/* Begin PBXNativeTarget section */
		CA016D0C2B04C93D0066FBE7 /* MyCloset */ = {
			isa = PBXNativeTarget;
			buildConfigurationList = CA016D242B04C93F0066FBE7 /* Build configuration list for PBXNativeTarget "MyCloset" */;
			buildPhases = (
				F5D2A663F3FE05B51F9D4F4A /* [CP] Check Pods Manifest.lock */,
				CA016D092B04C93D0066FBE7 /* Sources */,
				CA016D0A2B04C93D0066FBE7 /* Frameworks */,
				CA016D0B2B04C93D0066FBE7 /* Resources */,
				E3A782220BE03FC6CBA2C67A /* [CP] Embed Pods Frameworks */,
				CA795B092B19C71500D5584E /* ShellScript */,
			);
			buildRules = (
			);
			dependencies = (
			);
			name = MyCloset;
			packageProductDependencies = (
				CA016D472B05FDD50066FBE7 /* FirebaseAnalytics */,
				CA016D492B05FDD50066FBE7 /* FirebaseAuth */,
				CA016D4B2B05FDD50066FBE7 /* FirebaseDatabase */,
				CA016D4D2B05FDD50066FBE7 /* FirebaseFirestore */,
				CA016D4F2B05FDD50066FBE7 /* FirebaseFirestoreSwift */,
				CA016D512B05FDD50066FBE7 /* FirebaseStorage */,
				CA795B0E2B1C716300D5584E /* FirebaseMessaging */,
				CA795B132B205D6800D5584E /* FirebaseCrashlytics */,
				CA795B152B205D8B00D5584E /* FirebaseAnalyticsSwift */,
			);
			productName = MyCloset;
			productReference = CA016D0D2B04C93D0066FBE7 /* MyCloset.app */;
			productType = "com.apple.product-type.application";
		};
		CA2C782F2B42A5A700464B5C /* MyClosetTests */ = {
			isa = PBXNativeTarget;
			buildConfigurationList = CA2C78382B42A5A700464B5C /* Build configuration list for PBXNativeTarget "MyClosetTests" */;
			buildPhases = (
				CA2C782C2B42A5A700464B5C /* Sources */,
				CA2C782D2B42A5A700464B5C /* Frameworks */,
				CA2C782E2B42A5A700464B5C /* Resources */,
			);
			buildRules = (
			);
			dependencies = (
				CA2C78352B42A5A700464B5C /* PBXTargetDependency */,
			);
			name = MyClosetTests;
			packageProductDependencies = (
			);
			productName = MyClosetTests;
			productReference = CA2C78302B42A5A700464B5C /* MyClosetTests.xctest */;
			productType = "com.apple.product-type.bundle.unit-test";
		};
/* End PBXNativeTarget section */

/* Begin PBXProject section */
		CA016D052B04C93D0066FBE7 /* Project object */ = {
			isa = PBXProject;
			attributes = {
				BuildIndependentTargetsInParallel = 1;
				LastSwiftUpdateCheck = 1420;
				LastUpgradeCheck = 1400;
				TargetAttributes = {
					CA016D0C2B04C93D0066FBE7 = {
						CreatedOnToolsVersion = 14.0.1;
					};
					CA2C782F2B42A5A700464B5C = {
						CreatedOnToolsVersion = 14.2;
						TestTargetID = CA016D0C2B04C93D0066FBE7;
					};
				};
			};
			buildConfigurationList = CA016D082B04C93D0066FBE7 /* Build configuration list for PBXProject "MyCloset" */;
			compatibilityVersion = "Xcode 14.0";
			developmentRegion = en;
			hasScannedForEncodings = 0;
			knownRegions = (
				en,
				Base,
			);
			mainGroup = CA016D042B04C93D0066FBE7;
			packageReferences = (
				CA016D462B05FDD50066FBE7 /* XCRemoteSwiftPackageReference "firebase-ios-sdk" */,
			);
			productRefGroup = CA016D0E2B04C93D0066FBE7 /* Products */;
			projectDirPath = "";
			projectRoot = "";
			targets = (
				CA016D0C2B04C93D0066FBE7 /* MyCloset */,
				CA2C782F2B42A5A700464B5C /* MyClosetTests */,
			);
		};
/* End PBXProject section */

/* Begin PBXResourcesBuildPhase section */
		CA016D0B2B04C93D0066FBE7 /* Resources */ = {
			isa = PBXResourcesBuildPhase;
			buildActionMask = 2147483647;
			files = (
				CA016D3A2B04CB8D0066FBE7 /* Main.storyboard in Resources */,
				CA016D3B2B04CB8D0066FBE7 /* LaunchScreen.storyboard in Resources */,
				CA016D542B0603090066FBE7 /* GoogleService-Info.plist in Resources */,
				CA016D382B04CB8D0066FBE7 /* Assets.xcassets in Resources */,
			);
			runOnlyForDeploymentPostprocessing = 0;
		};
		CA2C782E2B42A5A700464B5C /* Resources */ = {
			isa = PBXResourcesBuildPhase;
			buildActionMask = 2147483647;
			files = (
			);
			runOnlyForDeploymentPostprocessing = 0;
		};
/* End PBXResourcesBuildPhase section */

/* Begin PBXShellScriptBuildPhase section */
		CA795B092B19C71500D5584E /* ShellScript */ = {
			isa = PBXShellScriptBuildPhase;
			buildActionMask = 2147483647;
			files = (
			);
			inputFileListPaths = (
			);
			inputPaths = (
				"${DWARF_DSYM_FOLDER_PATH}/${DWARF_DSYM_FILE_NAME}",
				"${DWARF_DSYM_FOLDER_PATH}/${DWARF_DSYM_FILE_NAME}/Contents/Resources/DWARF/${PRODUCT_NAME}",
				"${DWARF_DSYM_FOLDER_PATH}/${DWARF_DSYM_FILE_NAME}/Contents/Info.plist",
				"$(TARGET_BUILD_DIR)/$(UNLOCALIZED_RESOURCES_FOLDER_PATH)/GoogleService-Info.plist",
				"$(TARGET_BUILD_DIR)/$(EXECUTABLE_PATH)",
			);
			outputFileListPaths = (
			);
			outputPaths = (
			);
			runOnlyForDeploymentPostprocessing = 0;
			shellPath = /bin/sh;
			shellScript = "# Type a script or drag a script file from your workspace to insert its path.\n\"${PODS_ROOT}/SwiftLint/swiftlint\"\n\"${BUILD_DIR%/Build/*}/SourcePackages/checkouts/firebase-ios-sdk/Crashlytics/run\"\n";
		};
		E3A782220BE03FC6CBA2C67A /* [CP] Embed Pods Frameworks */ = {
			isa = PBXShellScriptBuildPhase;
			buildActionMask = 2147483647;
			files = (
			);
			inputFileListPaths = (
				"${PODS_ROOT}/Target Support Files/Pods-MyCloset/Pods-MyCloset-frameworks-${CONFIGURATION}-input-files.xcfilelist",
			);
			name = "[CP] Embed Pods Frameworks";
			outputFileListPaths = (
				"${PODS_ROOT}/Target Support Files/Pods-MyCloset/Pods-MyCloset-frameworks-${CONFIGURATION}-output-files.xcfilelist",
			);
			runOnlyForDeploymentPostprocessing = 0;
			shellPath = /bin/sh;
			shellScript = "\"${PODS_ROOT}/Target Support Files/Pods-MyCloset/Pods-MyCloset-frameworks.sh\"\n";
			showEnvVarsInLog = 0;
		};
		F5D2A663F3FE05B51F9D4F4A /* [CP] Check Pods Manifest.lock */ = {
			isa = PBXShellScriptBuildPhase;
			buildActionMask = 2147483647;
			files = (
			);
			inputFileListPaths = (
			);
			inputPaths = (
				"${PODS_PODFILE_DIR_PATH}/Podfile.lock",
				"${PODS_ROOT}/Manifest.lock",
			);
			name = "[CP] Check Pods Manifest.lock";
			outputFileListPaths = (
			);
			outputPaths = (
				"$(DERIVED_FILE_DIR)/Pods-MyCloset-checkManifestLockResult.txt",
			);
			runOnlyForDeploymentPostprocessing = 0;
			shellPath = /bin/sh;
			shellScript = "diff \"${PODS_PODFILE_DIR_PATH}/Podfile.lock\" \"${PODS_ROOT}/Manifest.lock\" > /dev/null\nif [ $? != 0 ] ; then\n    # print error to STDERR\n    echo \"error: The sandbox is not in sync with the Podfile.lock. Run 'pod install' or update your CocoaPods installation.\" >&2\n    exit 1\nfi\n# This output is used by Xcode 'outputs' to avoid re-running this script phase.\necho \"SUCCESS\" > \"${SCRIPT_OUTPUT_FILE_0}\"\n";
			showEnvVarsInLog = 0;
		};
/* End PBXShellScriptBuildPhase section */

/* Begin PBXSourcesBuildPhase section */
		CA016D092B04C93D0066FBE7 /* Sources */ = {
			isa = PBXSourcesBuildPhase;
			buildActionMask = 2147483647;
			files = (
				CAF701122B11E7A00053B12B /* SearchViewController.swift in Sources */,
				CA795B042B1888D200D5584E /* AppleLoginSetProfileViewController.swift in Sources */,
				CA016D362B04CB8D0066FBE7 /* AppDelegate.swift in Sources */,
				CA1CD6962B35800200DB70C0 /* OthersProfileViewController.swift in Sources */,
				CA1CD6AA2B405A5600DB70C0 /* MyClosetView.swift in Sources */,
				CA795B1F2B26EE7C00D5584E /* ImportFromClosetViewController.swift in Sources */,
				CA016D5D2B07691A0066FBE7 /* AddMyClothesViewController.swift in Sources */,
				CA1CD6982B3580AE00DB70C0 /* BaseProfileViewController.swift in Sources */,
				CA3B0FA82B086EE2001B708E /* CoreDataManeger.swift in Sources */,
				CA1CD69A2B390F5300DB70C0 /* MyProfileViewController.swift in Sources */,
				CA3B0FB72B0B2053001B708E /* TopsChosenViewController.swift in Sources */,
				CA1CD6A02B3D690F00DB70C0 /* BaseDollPageViewController.swift in Sources */,
				CA1CD6B62B414B3300DB70C0 /* HomePageViewModel.swift in Sources */,
				CA3B0FC12B0DF221001B708E /* SignUpViewController.swift in Sources */,
				CA1CD6B42B414B2700DB70C0 /* HomePageView.swift in Sources */,
				CA795B192B21CACB00D5584E /* FriendListViewController.swift in Sources */,
				CA1CD6AC2B405A6700DB70C0 /* MyClosetViewModel.swift in Sources */,
				CA1CD6A42B3FFBB700DB70C0 /* AccessoriesViewController.swift in Sources */,
				CA1CD6BD2B415FE900DB70C0 /* DetailPageView.swift in Sources */,
				CA016D342B04CB8D0066FBE7 /* HomePageTableCell.swift in Sources */,
				CA016D392B04CB8D0066FBE7 /* SceneDelegate.swift in Sources */,
				CA795B0D2B1B263C00D5584E /* FirebaseStorageManager2.swift in Sources */,
				CA795B252B2FF68D00D5584E /* RelationshipListViewModel.swift in Sources */,
				CA795B122B1F0B5800D5584E /* FirebaseStorageManager3.swift in Sources */,
				CA795B342B30235200D5584E /* EditProfileView.swift in Sources */,
				CA1CD6A82B40547200DB70C0 /* ClosetPageCell.swift in Sources */,
				CA1CD6932B3559C300DB70C0 /* Model.swift in Sources */,
				CA016D5B2B0758E40066FBE7 /* SegmentView.swift in Sources */,
				CA016D3D2B04F36B0066FBE7 /* DetailPageViewController.swift in Sources */,
				CA795B282B2FF6E800D5584E /* RelationshipListView.swift in Sources */,
				CABCC7CA2B0F1C1600FB38C5 /* ProfileAuthCollectionViewCell.swift in Sources */,
				CA3B0FB32B09CF76001B708E /* DollPageCVCell.swift in Sources */,
				CAF701142B1222440053B12B /* NotificationViewController.swift in Sources */,
				CA016D432B05BF120066FBE7 /* NewPostSecondStepViewController.swift in Sources */,
				CA016D3F2B05AF030066FBE7 /* NewPostViewController.swift in Sources */,
				CA3B0FAE2B08A828001B708E /* MyClosetDetailPageViewController.swift in Sources */,
				CA795B212B273E7A00D5584E /* MineDollChooseViewController.swift in Sources */,
				CA1CD6A22B3FEBB800DB70C0 /* BottomsViewController.swift in Sources */,
				CAF701162B1346E90053B12B /* TopRankingViewController.swift in Sources */,
				CA3B0FBD2B0C6C35001B708E /* ChangeClothesViewController.swift in Sources */,
				CA016D452B05FC510066FBE7 /* FirebaseStorageManager.swift in Sources */,
				CABCC7CE2B0F4FAB00FB38C5 /* ProfileCollectionViewCell.swift in Sources */,
				CA1CD6BF2B415FF700DB70C0 /* DetailPageViewModel.swift in Sources */,
				CA1CD69E2B3962CB00DB70C0 /* BaseCollectionViewController.swift in Sources */,
				CA016D322B04CB8D0066FBE7 /* Extensions.swift in Sources */,
				CA016D1B2B04C93D0066FBE7 /* MyCloset.xcdatamodeld in Sources */,
				CA795B362B30235E00D5584E /* EditProfileViewModel.swift in Sources */,
				CA1CD6A62B4008AD00DB70C0 /* HairViewController.swift in Sources */,
				CA3B0FBF2B0DEA99001B708E /* LogInViewController.swift in Sources */,
				CA61D5C72B17422C0028FB39 /* SavedViewController.swift in Sources */,
				CA61D5C32B148B000028FB39 /* MineDollDetailViewController.swift in Sources */,
				CA795B082B19818800D5584E /* DetailPageInputCommentView.swift in Sources */,
				CA016D412B05B76C0066FBE7 /* NewPostCell.swift in Sources */,
				CA3B0FB52B0B1CD2001B708E /* DollModel.swift in Sources */,
				CA795B062B1980F200D5584E /* DetailPageCommentCell.swift in Sources */,
				CA016D562B0729C00066FBE7 /* DetailPageCell.swift in Sources */,
				CA61D5C12B14873A0028FB39 /* MineDollViewController.swift in Sources */,
			);
			runOnlyForDeploymentPostprocessing = 0;
		};
		CA2C782C2B42A5A700464B5C /* Sources */ = {
			isa = PBXSourcesBuildPhase;
			buildActionMask = 2147483647;
			files = (
				CA2C783C2B43B6FE00464B5C /* MyClosetTest2.swift in Sources */,
			);
			runOnlyForDeploymentPostprocessing = 0;
		};
/* End PBXSourcesBuildPhase section */

/* Begin PBXTargetDependency section */
		CA2C78352B42A5A700464B5C /* PBXTargetDependency */ = {
			isa = PBXTargetDependency;
			target = CA016D0C2B04C93D0066FBE7 /* MyCloset */;
			targetProxy = CA2C78342B42A5A700464B5C /* PBXContainerItemProxy */;
		};
/* End PBXTargetDependency section */

/* Begin XCBuildConfiguration section */
		CA016D222B04C93F0066FBE7 /* Debug */ = {
			isa = XCBuildConfiguration;
			buildSettings = {
				ALWAYS_SEARCH_USER_PATHS = NO;
				CLANG_ANALYZER_NONNULL = YES;
				CLANG_ANALYZER_NUMBER_OBJECT_CONVERSION = YES_AGGRESSIVE;
				CLANG_CXX_LANGUAGE_STANDARD = "gnu++20";
				CLANG_ENABLE_MODULES = YES;
				CLANG_ENABLE_OBJC_ARC = YES;
				CLANG_ENABLE_OBJC_WEAK = YES;
				CLANG_WARN_BLOCK_CAPTURE_AUTORELEASING = YES;
				CLANG_WARN_BOOL_CONVERSION = YES;
				CLANG_WARN_COMMA = YES;
				CLANG_WARN_CONSTANT_CONVERSION = YES;
				CLANG_WARN_DEPRECATED_OBJC_IMPLEMENTATIONS = YES;
				CLANG_WARN_DIRECT_OBJC_ISA_USAGE = YES_ERROR;
				CLANG_WARN_DOCUMENTATION_COMMENTS = YES;
				CLANG_WARN_EMPTY_BODY = YES;
				CLANG_WARN_ENUM_CONVERSION = YES;
				CLANG_WARN_INFINITE_RECURSION = YES;
				CLANG_WARN_INT_CONVERSION = YES;
				CLANG_WARN_NON_LITERAL_NULL_CONVERSION = YES;
				CLANG_WARN_OBJC_IMPLICIT_RETAIN_SELF = YES;
				CLANG_WARN_OBJC_LITERAL_CONVERSION = YES;
				CLANG_WARN_OBJC_ROOT_CLASS = YES_ERROR;
				CLANG_WARN_QUOTED_INCLUDE_IN_FRAMEWORK_HEADER = YES;
				CLANG_WARN_RANGE_LOOP_ANALYSIS = YES;
				CLANG_WARN_STRICT_PROTOTYPES = YES;
				CLANG_WARN_SUSPICIOUS_MOVE = YES;
				CLANG_WARN_UNGUARDED_AVAILABILITY = YES_AGGRESSIVE;
				CLANG_WARN_UNREACHABLE_CODE = YES;
				CLANG_WARN__DUPLICATE_METHOD_MATCH = YES;
				COPY_PHASE_STRIP = NO;
				DEBUG_INFORMATION_FORMAT = dwarf;
				ENABLE_STRICT_OBJC_MSGSEND = YES;
				ENABLE_TESTABILITY = YES;
				GCC_C_LANGUAGE_STANDARD = gnu11;
				GCC_DYNAMIC_NO_PIC = NO;
				GCC_NO_COMMON_BLOCKS = YES;
				GCC_OPTIMIZATION_LEVEL = 0;
				GCC_PREPROCESSOR_DEFINITIONS = (
					"DEBUG=1",
					"$(inherited)",
				);
				GCC_WARN_64_TO_32_BIT_CONVERSION = YES;
				GCC_WARN_ABOUT_RETURN_TYPE = YES_ERROR;
				GCC_WARN_UNDECLARED_SELECTOR = YES;
				GCC_WARN_UNINITIALIZED_AUTOS = YES_AGGRESSIVE;
				GCC_WARN_UNUSED_FUNCTION = YES;
				GCC_WARN_UNUSED_VARIABLE = YES;
				IPHONEOS_DEPLOYMENT_TARGET = 16.0;
				MTL_ENABLE_DEBUG_INFO = INCLUDE_SOURCE;
				MTL_FAST_MATH = YES;
				ONLY_ACTIVE_ARCH = YES;
				SDKROOT = iphoneos;
				SWIFT_ACTIVE_COMPILATION_CONDITIONS = DEBUG;
				SWIFT_OPTIMIZATION_LEVEL = "-Onone";
			};
			name = Debug;
		};
		CA016D232B04C93F0066FBE7 /* Release */ = {
			isa = XCBuildConfiguration;
			buildSettings = {
				ALWAYS_SEARCH_USER_PATHS = NO;
				CLANG_ANALYZER_NONNULL = YES;
				CLANG_ANALYZER_NUMBER_OBJECT_CONVERSION = YES_AGGRESSIVE;
				CLANG_CXX_LANGUAGE_STANDARD = "gnu++20";
				CLANG_ENABLE_MODULES = YES;
				CLANG_ENABLE_OBJC_ARC = YES;
				CLANG_ENABLE_OBJC_WEAK = YES;
				CLANG_WARN_BLOCK_CAPTURE_AUTORELEASING = YES;
				CLANG_WARN_BOOL_CONVERSION = YES;
				CLANG_WARN_COMMA = YES;
				CLANG_WARN_CONSTANT_CONVERSION = YES;
				CLANG_WARN_DEPRECATED_OBJC_IMPLEMENTATIONS = YES;
				CLANG_WARN_DIRECT_OBJC_ISA_USAGE = YES_ERROR;
				CLANG_WARN_DOCUMENTATION_COMMENTS = YES;
				CLANG_WARN_EMPTY_BODY = YES;
				CLANG_WARN_ENUM_CONVERSION = YES;
				CLANG_WARN_INFINITE_RECURSION = YES;
				CLANG_WARN_INT_CONVERSION = YES;
				CLANG_WARN_NON_LITERAL_NULL_CONVERSION = YES;
				CLANG_WARN_OBJC_IMPLICIT_RETAIN_SELF = YES;
				CLANG_WARN_OBJC_LITERAL_CONVERSION = YES;
				CLANG_WARN_OBJC_ROOT_CLASS = YES_ERROR;
				CLANG_WARN_QUOTED_INCLUDE_IN_FRAMEWORK_HEADER = YES;
				CLANG_WARN_RANGE_LOOP_ANALYSIS = YES;
				CLANG_WARN_STRICT_PROTOTYPES = YES;
				CLANG_WARN_SUSPICIOUS_MOVE = YES;
				CLANG_WARN_UNGUARDED_AVAILABILITY = YES_AGGRESSIVE;
				CLANG_WARN_UNREACHABLE_CODE = YES;
				CLANG_WARN__DUPLICATE_METHOD_MATCH = YES;
				COPY_PHASE_STRIP = NO;
				DEBUG_INFORMATION_FORMAT = "dwarf-with-dsym";
				ENABLE_NS_ASSERTIONS = NO;
				ENABLE_STRICT_OBJC_MSGSEND = YES;
				GCC_C_LANGUAGE_STANDARD = gnu11;
				GCC_NO_COMMON_BLOCKS = YES;
				GCC_WARN_64_TO_32_BIT_CONVERSION = YES;
				GCC_WARN_ABOUT_RETURN_TYPE = YES_ERROR;
				GCC_WARN_UNDECLARED_SELECTOR = YES;
				GCC_WARN_UNINITIALIZED_AUTOS = YES_AGGRESSIVE;
				GCC_WARN_UNUSED_FUNCTION = YES;
				GCC_WARN_UNUSED_VARIABLE = YES;
				IPHONEOS_DEPLOYMENT_TARGET = 16.0;
				MTL_ENABLE_DEBUG_INFO = NO;
				MTL_FAST_MATH = YES;
				SDKROOT = iphoneos;
				SWIFT_COMPILATION_MODE = wholemodule;
				SWIFT_OPTIMIZATION_LEVEL = "-O";
				VALIDATE_PRODUCT = YES;
			};
			name = Release;
		};
		CA016D252B04C93F0066FBE7 /* Debug */ = {
			isa = XCBuildConfiguration;
			baseConfigurationReference = B7B41D8D9D9F6406D8E855F0 /* Pods-MyCloset.debug.xcconfig */;
			buildSettings = {
				ASSETCATALOG_COMPILER_APPICON_NAME = AppIcon;
				ASSETCATALOG_COMPILER_GLOBAL_ACCENT_COLOR_NAME = AccentColor;
				CODE_SIGN_ENTITLEMENTS = MyCloset/MyCloset.entitlements;
				CODE_SIGN_STYLE = Automatic;
				CURRENT_PROJECT_VERSION = 1;
				DEBUG_INFORMATION_FORMAT = "dwarf-with-dsym";
				DEVELOPMENT_TEAM = N4C7YMWND2;
				GENERATE_INFOPLIST_FILE = YES;
				INFOPLIST_FILE = MyCloset/Info.plist;
				INFOPLIST_KEY_CFBundleDisplayName = E.Mode;
				INFOPLIST_KEY_NSCameraUsageDescription = "允許使用相機來記錄衣服及穿搭";
				INFOPLIST_KEY_NSPhotoLibraryAddUsageDescription = "to let you export images to photo library";
				INFOPLIST_KEY_UIApplicationSupportsIndirectInputEvents = YES;
				INFOPLIST_KEY_UILaunchStoryboardName = LaunchScreen.storyboard;
				INFOPLIST_KEY_UIMainStoryboardFile = Main;
				INFOPLIST_KEY_UIStatusBarStyle = UIStatusBarStyleLightContent;
				INFOPLIST_KEY_UISupportedInterfaceOrientations = UIInterfaceOrientationPortrait;
				INFOPLIST_KEY_UIUserInterfaceStyle = Light;
				IPHONEOS_DEPLOYMENT_TARGET = 16.0;
				LD_RUNPATH_SEARCH_PATHS = (
					"$(inherited)",
					"@executable_path/Frameworks",
				);
				MARKETING_VERSION = 2.1;
				PRODUCT_BUNDLE_IDENTIFIER = com.cindyhohua.MyCloset;
				PRODUCT_NAME = "$(TARGET_NAME)";
				SUPPORTED_PLATFORMS = "iphoneos iphonesimulator";
				SUPPORTS_MACCATALYST = NO;
				SUPPORTS_MAC_DESIGNED_FOR_IPHONE_IPAD = NO;
				SWIFT_EMIT_LOC_STRINGS = YES;
				SWIFT_VERSION = 5.0;
				TARGETED_DEVICE_FAMILY = 1;
			};
			name = Debug;
		};
		CA016D262B04C93F0066FBE7 /* Release */ = {
			isa = XCBuildConfiguration;
			baseConfigurationReference = 10852D07CE0A2944B1D819B9 /* Pods-MyCloset.release.xcconfig */;
			buildSettings = {
				ASSETCATALOG_COMPILER_APPICON_NAME = AppIcon;
				ASSETCATALOG_COMPILER_GLOBAL_ACCENT_COLOR_NAME = AccentColor;
				CODE_SIGN_ENTITLEMENTS = MyCloset/MyCloset.entitlements;
				CODE_SIGN_STYLE = Automatic;
				CURRENT_PROJECT_VERSION = 1;
				DEBUG_INFORMATION_FORMAT = "dwarf-with-dsym";
				DEVELOPMENT_TEAM = N4C7YMWND2;
				GENERATE_INFOPLIST_FILE = YES;
				INFOPLIST_FILE = MyCloset/Info.plist;
				INFOPLIST_KEY_CFBundleDisplayName = E.Mode;
				INFOPLIST_KEY_NSCameraUsageDescription = "允許使用相機來記錄衣服及穿搭";
				INFOPLIST_KEY_NSPhotoLibraryAddUsageDescription = "to let you export images to photo library";
				INFOPLIST_KEY_UIApplicationSupportsIndirectInputEvents = YES;
				INFOPLIST_KEY_UILaunchStoryboardName = LaunchScreen.storyboard;
				INFOPLIST_KEY_UIMainStoryboardFile = Main;
				INFOPLIST_KEY_UIStatusBarStyle = UIStatusBarStyleLightContent;
				INFOPLIST_KEY_UISupportedInterfaceOrientations = UIInterfaceOrientationPortrait;
				INFOPLIST_KEY_UIUserInterfaceStyle = Light;
				IPHONEOS_DEPLOYMENT_TARGET = 16.0;
				LD_RUNPATH_SEARCH_PATHS = (
					"$(inherited)",
					"@executable_path/Frameworks",
				);
				MARKETING_VERSION = 2.1;
				PRODUCT_BUNDLE_IDENTIFIER = com.cindyhohua.MyCloset;
				PRODUCT_NAME = "$(TARGET_NAME)";
				SUPPORTED_PLATFORMS = "iphoneos iphonesimulator";
				SUPPORTS_MACCATALYST = NO;
				SUPPORTS_MAC_DESIGNED_FOR_IPHONE_IPAD = NO;
				SWIFT_EMIT_LOC_STRINGS = YES;
				SWIFT_VERSION = 5.0;
				TARGETED_DEVICE_FAMILY = 1;
			};
			name = Release;
		};
		CA2C78362B42A5A700464B5C /* Debug */ = {
			isa = XCBuildConfiguration;
			buildSettings = {
				BUNDLE_LOADER = "$(TEST_HOST)";
				CODE_SIGN_STYLE = Automatic;
				CURRENT_PROJECT_VERSION = 1;
				DEVELOPMENT_TEAM = N4C7YMWND2;
				GENERATE_INFOPLIST_FILE = YES;
				IPHONEOS_DEPLOYMENT_TARGET = 16.2;
				MARKETING_VERSION = 1.0;
				PRODUCT_BUNDLE_IDENTIFIER = com.cindyhohua.MyClosetTests;
				PRODUCT_NAME = "$(TARGET_NAME)";
				SWIFT_EMIT_LOC_STRINGS = NO;
				SWIFT_VERSION = 5.0;
				TARGETED_DEVICE_FAMILY = "1,2";
				TEST_HOST = "$(BUILT_PRODUCTS_DIR)/MyCloset.app/$(BUNDLE_EXECUTABLE_FOLDER_PATH)MyCloset";
			};
			name = Debug;
		};
		CA2C78372B42A5A700464B5C /* Release */ = {
			isa = XCBuildConfiguration;
			buildSettings = {
				BUNDLE_LOADER = "$(TEST_HOST)";
				CODE_SIGN_STYLE = Automatic;
				CURRENT_PROJECT_VERSION = 1;
				DEVELOPMENT_TEAM = N4C7YMWND2;
				GENERATE_INFOPLIST_FILE = YES;
				IPHONEOS_DEPLOYMENT_TARGET = 16.2;
				MARKETING_VERSION = 1.0;
				PRODUCT_BUNDLE_IDENTIFIER = com.cindyhohua.MyClosetTests;
				PRODUCT_NAME = "$(TARGET_NAME)";
				SWIFT_EMIT_LOC_STRINGS = NO;
				SWIFT_VERSION = 5.0;
				TARGETED_DEVICE_FAMILY = "1,2";
				TEST_HOST = "$(BUILT_PRODUCTS_DIR)/MyCloset.app/$(BUNDLE_EXECUTABLE_FOLDER_PATH)MyCloset";
			};
			name = Release;
		};
/* End XCBuildConfiguration section */

/* Begin XCConfigurationList section */
		CA016D082B04C93D0066FBE7 /* Build configuration list for PBXProject "MyCloset" */ = {
			isa = XCConfigurationList;
			buildConfigurations = (
				CA016D222B04C93F0066FBE7 /* Debug */,
				CA016D232B04C93F0066FBE7 /* Release */,
			);
			defaultConfigurationIsVisible = 0;
			defaultConfigurationName = Release;
		};
		CA016D242B04C93F0066FBE7 /* Build configuration list for PBXNativeTarget "MyCloset" */ = {
			isa = XCConfigurationList;
			buildConfigurations = (
				CA016D252B04C93F0066FBE7 /* Debug */,
				CA016D262B04C93F0066FBE7 /* Release */,
			);
			defaultConfigurationIsVisible = 0;
			defaultConfigurationName = Release;
		};
		CA2C78382B42A5A700464B5C /* Build configuration list for PBXNativeTarget "MyClosetTests" */ = {
			isa = XCConfigurationList;
			buildConfigurations = (
				CA2C78362B42A5A700464B5C /* Debug */,
				CA2C78372B42A5A700464B5C /* Release */,
			);
			defaultConfigurationIsVisible = 0;
			defaultConfigurationName = Release;
		};
/* End XCConfigurationList section */

/* Begin XCRemoteSwiftPackageReference section */
		CA016D462B05FDD50066FBE7 /* XCRemoteSwiftPackageReference "firebase-ios-sdk" */ = {
			isa = XCRemoteSwiftPackageReference;
			repositoryURL = "https://github.com/firebase/firebase-ios-sdk.git";
			requirement = {
				kind = upToNextMajorVersion;
				minimumVersion = 10.18.0;
			};
		};
/* End XCRemoteSwiftPackageReference section */

/* Begin XCSwiftPackageProductDependency section */
		CA016D472B05FDD50066FBE7 /* FirebaseAnalytics */ = {
			isa = XCSwiftPackageProductDependency;
			package = CA016D462B05FDD50066FBE7 /* XCRemoteSwiftPackageReference "firebase-ios-sdk" */;
			productName = FirebaseAnalytics;
		};
		CA016D492B05FDD50066FBE7 /* FirebaseAuth */ = {
			isa = XCSwiftPackageProductDependency;
			package = CA016D462B05FDD50066FBE7 /* XCRemoteSwiftPackageReference "firebase-ios-sdk" */;
			productName = FirebaseAuth;
		};
		CA016D4B2B05FDD50066FBE7 /* FirebaseDatabase */ = {
			isa = XCSwiftPackageProductDependency;
			package = CA016D462B05FDD50066FBE7 /* XCRemoteSwiftPackageReference "firebase-ios-sdk" */;
			productName = FirebaseDatabase;
		};
		CA016D4D2B05FDD50066FBE7 /* FirebaseFirestore */ = {
			isa = XCSwiftPackageProductDependency;
			package = CA016D462B05FDD50066FBE7 /* XCRemoteSwiftPackageReference "firebase-ios-sdk" */;
			productName = FirebaseFirestore;
		};
		CA016D4F2B05FDD50066FBE7 /* FirebaseFirestoreSwift */ = {
			isa = XCSwiftPackageProductDependency;
			package = CA016D462B05FDD50066FBE7 /* XCRemoteSwiftPackageReference "firebase-ios-sdk" */;
			productName = FirebaseFirestoreSwift;
		};
		CA016D512B05FDD50066FBE7 /* FirebaseStorage */ = {
			isa = XCSwiftPackageProductDependency;
			package = CA016D462B05FDD50066FBE7 /* XCRemoteSwiftPackageReference "firebase-ios-sdk" */;
			productName = FirebaseStorage;
		};
		CA795B0E2B1C716300D5584E /* FirebaseMessaging */ = {
			isa = XCSwiftPackageProductDependency;
			package = CA016D462B05FDD50066FBE7 /* XCRemoteSwiftPackageReference "firebase-ios-sdk" */;
			productName = FirebaseMessaging;
		};
		CA795B132B205D6800D5584E /* FirebaseCrashlytics */ = {
			isa = XCSwiftPackageProductDependency;
			package = CA016D462B05FDD50066FBE7 /* XCRemoteSwiftPackageReference "firebase-ios-sdk" */;
			productName = FirebaseCrashlytics;
		};
		CA795B152B205D8B00D5584E /* FirebaseAnalyticsSwift */ = {
			isa = XCSwiftPackageProductDependency;
			package = CA016D462B05FDD50066FBE7 /* XCRemoteSwiftPackageReference "firebase-ios-sdk" */;
			productName = FirebaseAnalyticsSwift;
		};
/* End XCSwiftPackageProductDependency section */

/* Begin XCVersionGroup section */
		CA016D192B04C93D0066FBE7 /* MyCloset.xcdatamodeld */ = {
			isa = XCVersionGroup;
			children = (
				CA016D1A2B04C93D0066FBE7 /* MyCloset.xcdatamodel */,
			);
			currentVersion = CA016D1A2B04C93D0066FBE7 /* MyCloset.xcdatamodel */;
			path = MyCloset.xcdatamodeld;
			sourceTree = "<group>";
			versionGroupType = wrapper.xcdatamodel;
		};
/* End XCVersionGroup section */
	};
	rootObject = CA016D052B04C93D0066FBE7 /* Project object */;
}
